# THIS IS AN AUTOGENERATED FILE. DO NOT EDIT THIS FILE DIRECTLY.
# yarn lockfile v1


prettier-plugin-svelte@^2.4.0:
  version "2.4.0"
  resolved "https://registry.yarnpkg.com/prettier-plugin-svelte/-/prettier-plugin-svelte-2.4.0.tgz#482bb6003bf1d5bd7ff002261a42a32b87d42d00"
  integrity sha512-JwJ9bOz4XHLQtiLnX4mTSSDUdhu12WH8sTwy/XTDCSyPlah6IcV7NWeYBZscPEcceu2YnW8Y9sJCP40Z2UH9GA==

prettier@^2.4.1:
  version "2.4.1"
  resolved "https://registry.yarnpkg.com/prettier/-/prettier-2.4.1.tgz#671e11c89c14a4cfc876ce564106c4a6726c9f5c"
  integrity sha512-9fbDAXSBcc6Bs1mZrDYb3XKzDLm4EXXL9sC1LqKP5rZkT6KRr/rf9amVUcODVXgguK/isJz0d0hP72WeaKWsvA==

svelte@^3.43.1:
  version "3.43.1"
  resolved "https://registry.yarnpkg.com/svelte/-/svelte-3.43.1.tgz#8370c08a970bcc1c118baaa86a38fae82e0a8396"
  integrity sha512-nvPIaKx4HLzYlSdquISZpgG1Kqr2VAWQjZOt3Iwm3UhbqmA0LnSx4k1YpRMEhjQYW3ZCqQoK8Egto9tv4YewMA==
