# THIS IS AN AUTOGENERATED FILE. DO NOT EDIT THIS FILE DIRECTLY.
# yarn lockfile v1


prettier-plugin-svelte@^2.8.0:
  version "2.8.0"
  resolved "https://registry.yarnpkg.com/prettier-plugin-svelte/-/prettier-plugin-svelte-2.8.0.tgz#e5681d9867c4ab584c0ccbe43c3684d132b389f2"
  integrity sha512-QlXv/U3bUszks3XYDPsk1fsaQC+fo2lshwKbcbO+lrSVdJ+40mB1BfL8OCAk1W9y4pJxpqO/4gqm6NtF3zNGCw==

prettier@^2.7.1:
  version "2.7.1"
  resolved "https://registry.yarnpkg.com/prettier/-/prettier-2.7.1.tgz#e235806850d057f97bb08368a4f7d899f7760c64"
  integrity sha512-ujppO+MkdPqoVINuDFDRLClm7D78qbDt0/NR+wp5FqEZOoTNAjPHWj17QRhu7geIHJfcNhRk1XVQmF8Bp3ye+g==

svelte@^3.52.0:
  version "3.52.0"
  resolved "https://registry.yarnpkg.com/svelte/-/svelte-3.52.0.tgz#08259eff20904c63882b66a5d409a55e8c6743b8"
  integrity sha512-FxcnEUOAVfr10vDU5dVgJN19IvqeHQCS1zfe8vayTfis9A2t5Fhx+JDe5uv/C3j//bB1umpLJ6quhgs9xyUbCQ==
