{
  "lockfileVersion": 1,
  "configVersion": 0,
  "workspaces": {
    "": {
      "devDependencies": {
        "@carbon/charts-svelte": "^1.22.18",
        "@carbon/styles": "^1.95.0",
        "@rollup/plugin-commonjs": "^28.0.9",
        "@rollup/plugin-node-resolve": "^15.3.1",
        "@rollup/plugin-replace": "^6.0.3",
        "d3": "^7.9.0",
        "rollup": "^4.53.3",
        "rollup-plugin-css-only": "^4.5.5",
        "rollup-plugin-svelte": "^7.2.3",
        "rollup-plugin-terser": "^7.0.2",
        "svelte": "^5.45.2",
      },
    },
  },
  "packages": {
    "@babel/code-frame": ["@babel/code-frame@7.26.2", "", { "dependencies": { "@babel/helper-validator-identifier": "^7.25.9", "js-tokens": "^4.0.0", "picocolors": "^1.0.0" } }, "sha512-RJlIHRueQgwWitWgF8OdFYGZX328Ax5BCemNGlqHfplnRT9ESi8JkFlvaVYbS+UubVY6dpv87Fs2u5M29iNFVQ=="],

    "@babel/helper-validator-identifier": ["@babel/helper-validator-identifier@7.25.9", "", {}, "sha512-Ed61U6XJc3CVRfkERJWDz4dJwKe7iLmmJsbOGu9wSloNSFttHV0I8g6UAgb7qnK5ly5bGLPd4oXZlxCdANBOWQ=="],

    "@carbon/charts": ["@carbon/charts@1.22.18", "", { "dependencies": { "@carbon/colors": "^11.29.0", "@carbon/utils-position": "^1.3.0", "@ibm/telemetry-js": "^1.9.1", "@types/d3": "^7.4.3", "@types/topojson": "^3.2.6", "d3": "^7.9.0", "d3-cloud": "^1.2.7", "d3-sankey": "^0.12.3", "date-fns": "^4.1.0", "dompurify": "^3.2.4", "html-to-image": "^1.11.13", "lodash-es": "^4.17.21", "topojson-client": "^3.1.0", "tslib": "^2.8.1" } }, "sha512-OjQTv3c8KGeoHCIJYpNnaa3FHEU3mdW15Yx1eG6i7CRiH5A+yr3GzFOXvpqhQNFd+vmhKHQEIwioS+HbrBhjZA=="],

    "@carbon/charts-svelte": ["@carbon/charts-svelte@1.22.18", "", { "dependencies": { "@carbon/charts": "1.22.18", "@ibm/telemetry-js": "^1.9.1" }, "peerDependencies": { "svelte": "^3.31.0 || ^4.0.0 || ^5.20.0" } }, "sha512-nm5eixRK5TrKsFIII922lqHxGFWYcQHFIB/RsbF4YGMkZ3xOKTRQoVnPDgaYpam/jn1rwiFWLC9mmglnfcOfCA=="],

    "@carbon/colors": ["@carbon/colors@11.42.0", "", { "dependencies": { "@ibm/telemetry-js": "^1.5.0" } }, "sha512-kfEGVk2vzokkRrVwqUGYK8YLQ1Cn7cDhJ/lEz31kdBrUbR8vlgKSFq9GTqAgZiqxbTC0surR3nBF2kU3NTNPOg=="],

    "@carbon/feature-flags": ["@carbon/feature-flags@0.32.0", "", { "dependencies": { "@ibm/telemetry-js": "^1.5.0" } }, "sha512-a1rFplSEFPwJ4ZsuwvOaKHgoLqPNhjCJdWY6VTgCoytRZqtgYWqwYFEqQkm9/f1mX1lHr6oK/eBpAcmi0Izuvg=="],

    "@carbon/grid": ["@carbon/grid@11.45.0", "", { "dependencies": { "@carbon/layout": "^11.43.0", "@ibm/telemetry-js": "^1.5.0" } }, "sha512-J8hh5li0Q0RRS6IGg+MVPQVfjp1ePxzQsyMyjQOHLux8i8HwiWJmKLQ+4lKMzRXorLG2RtEoPVl00EaKlQEgKQ=="],

    "@carbon/layout": ["@carbon/layout@11.43.0", "", { "dependencies": { "@ibm/telemetry-js": "^1.5.0" } }, "sha512-aOUNqVv/5TGhNTn1HV+620ZlqhE7+Chs0TJoxwe/CCsLOdziCX9st3c5inyINPZDyvDK46mas1RmqvZwNYe/mA=="],

    "@carbon/motion": ["@carbon/motion@11.37.0", "", { "dependencies": { "@ibm/telemetry-js": "^1.5.0" } }, "sha512-bjFzY8Wy5Umj+g41ZGj3L3b/z2gDBDKfzfc9M3ZAHaj73PZ7Z/Z5jT0IFlihEv8wUwZfbhbtnb4jeNhckfLINA=="],

    "@carbon/styles": ["@carbon/styles@1.95.0", "", { "dependencies": { "@carbon/colors": "^11.42.0", "@carbon/feature-flags": "0.32.0", "@carbon/grid": "^11.45.0", "@carbon/layout": "^11.43.0", "@carbon/motion": "^11.37.0", "@carbon/themes": "^11.63.0", "@carbon/type": "^11.49.0", "@ibm/plex": "6.0.0-next.6", "@ibm/plex-mono": "1.1.0", "@ibm/plex-sans": "1.1.0", "@ibm/plex-sans-arabic": "1.1.0", "@ibm/plex-sans-devanagari": "1.1.0", "@ibm/plex-sans-hebrew": "1.1.0", "@ibm/plex-sans-thai": "1.1.0", "@ibm/plex-sans-thai-looped": "1.1.0", "@ibm/plex-serif": "1.1.0", "@ibm/telemetry-js": "^1.5.0" }, "peerDependencies": { "sass": "^1.33.0" }, "optionalPeers": ["sass"] }, "sha512-65lM6AcCb/32s7Mjcl7TZFsoCdcvQsosNoR5BAe0p7L7jw68AHxDJkAKKAqnNE1QM7XOGz3p0cwZxIes15cjQQ=="],

    "@carbon/themes": ["@carbon/themes@11.63.0", "", { "dependencies": { "@carbon/colors": "^11.42.0", "@carbon/layout": "^11.43.0", "@carbon/type": "^11.49.0", "@ibm/telemetry-js": "^1.5.0", "color": "^4.0.0" } }, "sha512-Kq4gan/qQCErgt46OpA2EU91g1CEsH+3duTBUZmoLwGqlPd3AwzYvoIxisUCrMSYut5J9CuxNxEBnCD8Iv9ghg=="],

    "@carbon/type": ["@carbon/type@11.49.0", "", { "dependencies": { "@carbon/grid": "^11.45.0", "@carbon/layout": "^11.43.0", "@ibm/telemetry-js": "^1.5.0" } }, "sha512-5SwbuMj7VO7QAxB273MQVMoVLEvwcMVflhmriWA4I+YWMDwtoprPHiXseO6ueoRGJp+TOqnItvkPMPOdKz5sjQ=="],

    "@carbon/utils-position": ["@carbon/utils-position@1.3.0", "", { "dependencies": { "@ibm/telemetry-js": "^1.5.1" } }, "sha512-bfar2dV+fQ15syIrH3n9ujY4PXd1Q+AF2VcTLJIC04IDe2f80zOnJlLNPc/RktHcWTZ7WSQm80cQo3abGcsfTA=="],

    "@ibm/plex": ["@ibm/plex@6.0.0-next.6", "", {}, "sha512-B3uGruTn2rS5gweynLmfSe7yCawSRsJguJJQHVQiqf4rh2RNgJFu8YLE2Zd/JHV0ZXoVMOslcXP2k3hMkxKEyA=="],

    "@ibm/plex-mono": ["@ibm/plex-mono@1.1.0", "", { "dependencies": { "@ibm/telemetry-js": "^1.6.1" } }, "sha512-hpsdRxR3BRJkC6wGM4MZcUFD6C8M+mmK76RtAy/hlsfPro9FzpXVdIWC+G3jeQOXof109dxlUvmeKxpeKUG68A=="],

    "@ibm/plex-sans": ["@ibm/plex-sans@1.1.0", "", { "dependencies": { "@ibm/telemetry-js": "^1.6.1" } }, "sha512-WPgvO6Yfj2w5YbhyAr1tv95RUz4LRJlqN+CmYvBglabXteufP1D1E9BABMde+ZIKdRbFJDoKF5eQzfhpnbgZcQ=="],

    "@ibm/plex-sans-arabic": ["@ibm/plex-sans-arabic@1.1.0", "", { "dependencies": { "@ibm/telemetry-js": "^1.6.1" } }, "sha512-u8wIS6szLAOFvlBjCFZmtpKIqbhuIuniG2N0J+sio8vV6INH58hP0t0QNYrSl9SZtCv2Fwb4oQGuZJY3kJ4+QA=="],

    "@ibm/plex-sans-devanagari": ["@ibm/plex-sans-devanagari@1.1.0", "", { "dependencies": { "@ibm/telemetry-js": "^1.6.1" } }, "sha512-IVNV9NxXZDzcGZRao/xj+kiFwkdLkcw5vNiKwY8wEzzkpjApXJnPhJ0a7mIKNAh8oIadTIF68+iGtzRKK3nXAQ=="],

    "@ibm/plex-sans-hebrew": ["@ibm/plex-sans-hebrew@1.1.0", "", { "dependencies": { "@ibm/telemetry-js": "^1.6.1" } }, "sha512-iix0rLpUD0E8dE8q+/t3B7u1or7h6gEzoy6TK9NwP41AN31WE55f2cFwQAXomBDwr0Ozc9sHYy97NutEukZXzQ=="],

    "@ibm/plex-sans-thai": ["@ibm/plex-sans-thai@1.1.0", "", { "dependencies": { "@ibm/telemetry-js": "^1.6.1" } }, "sha512-vk7IrjdO69eEElJpFBppCha/wvU48DFyVuDewcfIf5L6Z11s0vbROANCvKipVPRUz1LE4ron8KoitWGcl3AlfA=="],

    "@ibm/plex-sans-thai-looped": ["@ibm/plex-sans-thai-looped@1.1.0", "", { "dependencies": { "@ibm/telemetry-js": "^1.6.1" } }, "sha512-9zbDGzmtscHgBRTF88y3/92zQx6lmKjz5ZxhgcljilwOpj08BAytDc3mzUl9XGUh+DmOMl0Ql1lk6ecsEYYg2w=="],

    "@ibm/plex-serif": ["@ibm/plex-serif@1.1.0", "", { "dependencies": { "@ibm/telemetry-js": "^1.6.1" } }, "sha512-ORIyWlK8t8mvpFI7AAfhVFH+sacink2l9AjLiKZscmAzLVSa2dqFckrPOXqx4dK/cax567gWwCpJNEYk7xWxBQ=="],

    "@ibm/telemetry-js": ["@ibm/telemetry-js@1.9.1", "", { "bin": { "ibmtelemetry": "dist/collect.js" } }, "sha512-qq8RPafUJHUQieXVCte1kbJEx6JctWzbA/YkXzopbfzIDRT2+hbR9QmgH+KH7bDDNRcDbdHWvHfwJKzThlMtPg=="],

    "@jridgewell/gen-mapping": ["@jridgewell/gen-mapping@0.3.8", "", { "dependencies": { "@jridgewell/set-array": "^1.2.1", "@jridgewell/sourcemap-codec": "^1.4.10", "@jridgewell/trace-mapping": "^0.3.24" } }, "sha512-imAbBGkb+ebQyxKgzv5Hu2nmROxoDOXHh80evxdoXNOrvAnVx7zimzc1Oo5h9RlfV4vPXaE2iM5pOFbvOCClWA=="],

    "@jridgewell/remapping": ["@jridgewell/remapping@2.3.5", "", { "dependencies": { "@jridgewell/gen-mapping": "^0.3.5", "@jridgewell/trace-mapping": "^0.3.24" } }, "sha512-LI9u/+laYG4Ds1TDKSJW2YPrIlcVYOwi2fUC6xB43lueCjgxV4lffOCZCtYFiH6TNOX+tQKXx97T4IKHbhyHEQ=="],

    "@jridgewell/resolve-uri": ["@jridgewell/resolve-uri@3.1.2", "", {}, "sha512-bRISgCIjP20/tbWSPWMEi54QVPRZExkuD9lJL+UIxUKtwVJA8wW1Trb1jMs1RFXo1CBTNZ/5hpC9QvmKWdopKw=="],

    "@jridgewell/set-array": ["@jridgewell/set-array@1.2.1", "", {}, "sha512-R8gLRTZeyp03ymzP/6Lil/28tGeGEzhx1q2k703KGWRAI1VdvPIXdG70VJc2pAMw3NA6JKL5hhFu1sJX0Mnn/A=="],

    "@jridgewell/source-map": ["@jridgewell/source-map@0.3.6", "", { "dependencies": { "@jridgewell/gen-mapping": "^0.3.5", "@jridgewell/trace-mapping": "^0.3.25" } }, "sha512-1ZJTZebgqllO79ue2bm3rIGud/bOe0pP5BjSRCRxxYkEZS8STV7zN84UBbiYu7jy+eCKSnVIUgoWWE/tt+shMQ=="],

    "@jridgewell/sourcemap-codec": ["@jridgewell/sourcemap-codec@1.5.0", "", {}, "sha512-gv3ZRaISU3fjPAgNsriBRqGWQL6quFx04YMPW/zD8XMLsU32mhCCbfbO6KZFLjvYpCZ8zyDEgqsgf+PwPaM7GQ=="],

    "@jridgewell/trace-mapping": ["@jridgewell/trace-mapping@0.3.25", "", { "dependencies": { "@jridgewell/resolve-uri": "^3.1.0", "@jridgewell/sourcemap-codec": "^1.4.14" } }, "sha512-vNk6aEwybGtawWmy/PzwnGDOjCkLWSD2wqvjGGAgOAwCGWySYXfYoxt00IJkTF+8Lb57DwOb3Aa0o9CApepiYQ=="],

    "@rollup/plugin-commonjs": ["@rollup/plugin-commonjs@28.0.9", "", { "dependencies": { "@rollup/pluginutils": "^5.0.1", "commondir": "^1.0.1", "estree-walker": "^2.0.2", "fdir": "^6.2.0", "is-reference": "1.2.1", "magic-string": "^0.30.3", "picomatch": "^4.0.2" }, "peerDependencies": { "rollup": "^2.68.0||^3.0.0||^4.0.0" }, "optionalPeers": ["rollup"] }, "sha512-PIR4/OHZ79romx0BVVll/PkwWpJ7e5lsqFa3gFfcrFPWwLXLV39JVUzQV9RKjWerE7B845Hqjj9VYlQeieZ2dA=="],

    "@rollup/plugin-node-resolve": ["@rollup/plugin-node-resolve@15.3.1", "", { "dependencies": { "@rollup/pluginutils": "^5.0.1", "@types/resolve": "1.20.2", "deepmerge": "^4.2.2", "is-module": "^1.0.0", "resolve": "^1.22.1" }, "peerDependencies": { "rollup": "^2.78.0||^3.0.0||^4.0.0" }, "optionalPeers": ["rollup"] }, "sha512-tgg6b91pAybXHJQMAAwW9VuWBO6Thi+q7BCNARLwSqlmsHz0XYURtGvh/AuwSADXSI4h/2uHbs7s4FzlZDGSGA=="],

    "@rollup/plugin-replace": ["@rollup/plugin-replace@6.0.3", "", { "dependencies": { "@rollup/pluginutils": "^5.0.1", "magic-string": "^0.30.3" }, "peerDependencies": { "rollup": "^1.20.0||^2.0.0||^3.0.0||^4.0.0" }, "optionalPeers": ["rollup"] }, "sha512-J4RZarRvQAm5IF0/LwUUg+obsm+xZhYnbMXmXROyoSE1ATJe3oXSb9L5MMppdxP2ylNSjv6zFBwKYjcKMucVfA=="],

    "@rollup/pluginutils": ["@rollup/pluginutils@5.1.4", "", { "dependencies": { "@types/estree": "^1.0.0", "estree-walker": "^2.0.2", "picomatch": "^4.0.2" }, "peerDependencies": { "rollup": "^1.20.0||^2.0.0||^3.0.0||^4.0.0" }, "optionalPeers": ["rollup"] }, "sha512-USm05zrsFxYLPdWWq+K3STlWiT/3ELn3RcV5hJMghpeAIhxfsUIg6mt12CBJBInWMV4VneoV7SfGv8xIwo2qNQ=="],

    "@rollup/rollup-android-arm-eabi": ["@rollup/rollup-android-arm-eabi@4.53.3", "", { "os": "android", "cpu": "arm" }, "sha512-mRSi+4cBjrRLoaal2PnqH82Wqyb+d3HsPUN/W+WslCXsZsyHa9ZeQQX/pQsZaVIWDkPcpV6jJ+3KLbTbgnwv8w=="],

    "@rollup/rollup-android-arm64": ["@rollup/rollup-android-arm64@4.53.3", "", { "os": "android", "cpu": "arm64" }, "sha512-CbDGaMpdE9sh7sCmTrTUyllhrg65t6SwhjlMJsLr+J8YjFuPmCEjbBSx4Z/e4SmDyH3aB5hGaJUP2ltV/vcs4w=="],

    "@rollup/rollup-darwin-arm64": ["@rollup/rollup-darwin-arm64@4.53.3", "", { "os": "darwin", "cpu": "arm64" }, "sha512-Nr7SlQeqIBpOV6BHHGZgYBuSdanCXuw09hon14MGOLGmXAFYjx1wNvquVPmpZnl0tLjg25dEdr4IQ6GgyToCUA=="],

    "@rollup/rollup-darwin-x64": ["@rollup/rollup-darwin-x64@4.53.3", "", { "os": "darwin", "cpu": "x64" }, "sha512-DZ8N4CSNfl965CmPktJ8oBnfYr3F8dTTNBQkRlffnUarJ2ohudQD17sZBa097J8xhQ26AwhHJ5mvUyQW8ddTsQ=="],

    "@rollup/rollup-freebsd-arm64": ["@rollup/rollup-freebsd-arm64@4.53.3", "", { "os": "freebsd", "cpu": "arm64" }, "sha512-yMTrCrK92aGyi7GuDNtGn2sNW+Gdb4vErx4t3Gv/Tr+1zRb8ax4z8GWVRfr3Jw8zJWvpGHNpss3vVlbF58DZ4w=="],

    "@rollup/rollup-freebsd-x64": ["@rollup/rollup-freebsd-x64@4.53.3", "", { "os": "freebsd", "cpu": "x64" }, "sha512-lMfF8X7QhdQzseM6XaX0vbno2m3hlyZFhwcndRMw8fbAGUGL3WFMBdK0hbUBIUYcEcMhVLr1SIamDeuLBnXS+Q=="],

    "@rollup/rollup-linux-arm-gnueabihf": ["@rollup/rollup-linux-arm-gnueabihf@4.53.3", "", { "os": "linux", "cpu": "arm" }, "sha512-k9oD15soC/Ln6d2Wv/JOFPzZXIAIFLp6B+i14KhxAfnq76ajt0EhYc5YPeX6W1xJkAdItcVT+JhKl1QZh44/qw=="],

    "@rollup/rollup-linux-arm-musleabihf": ["@rollup/rollup-linux-arm-musleabihf@4.53.3", "", { "os": "linux", "cpu": "arm" }, "sha512-vTNlKq+N6CK/8UktsrFuc+/7NlEYVxgaEgRXVUVK258Z5ymho29skzW1sutgYjqNnquGwVUObAaxae8rZ6YMhg=="],

    "@rollup/rollup-linux-arm64-gnu": ["@rollup/rollup-linux-arm64-gnu@4.53.3", "", { "os": "linux", "cpu": "arm64" }, "sha512-RGrFLWgMhSxRs/EWJMIFM1O5Mzuz3Xy3/mnxJp/5cVhZ2XoCAxJnmNsEyeMJtpK+wu0FJFWz+QF4mjCA7AUQ3w=="],

    "@rollup/rollup-linux-arm64-musl": ["@rollup/rollup-linux-arm64-musl@4.53.3", "", { "os": "linux", "cpu": "arm64" }, "sha512-kASyvfBEWYPEwe0Qv4nfu6pNkITLTb32p4yTgzFCocHnJLAHs+9LjUu9ONIhvfT/5lv4YS5muBHyuV84epBo/A=="],

    "@rollup/rollup-linux-loong64-gnu": ["@rollup/rollup-linux-loong64-gnu@4.53.3", "", { "os": "linux", "cpu": "none" }, "sha512-JiuKcp2teLJwQ7vkJ95EwESWkNRFJD7TQgYmCnrPtlu50b4XvT5MOmurWNrCj3IFdyjBQ5p9vnrX4JM6I8OE7g=="],

    "@rollup/rollup-linux-ppc64-gnu": ["@rollup/rollup-linux-ppc64-gnu@4.53.3", "", { "os": "linux", "cpu": "ppc64" }, "sha512-EoGSa8nd6d3T7zLuqdojxC20oBfNT8nexBbB/rkxgKj5T5vhpAQKKnD+h3UkoMuTyXkP5jTjK/ccNRmQrPNDuw=="],

    "@rollup/rollup-linux-riscv64-gnu": ["@rollup/rollup-linux-riscv64-gnu@4.53.3", "", { "os": "linux", "cpu": "none" }, "sha512-4s+Wped2IHXHPnAEbIB0YWBv7SDohqxobiiPA1FIWZpX+w9o2i4LezzH/NkFUl8LRci/8udci6cLq+jJQlh+0g=="],

    "@rollup/rollup-linux-riscv64-musl": ["@rollup/rollup-linux-riscv64-musl@4.53.3", "", { "os": "linux", "cpu": "none" }, "sha512-68k2g7+0vs2u9CxDt5ktXTngsxOQkSEV/xBbwlqYcUrAVh6P9EgMZvFsnHy4SEiUl46Xf0IObWVbMvPrr2gw8A=="],

    "@rollup/rollup-linux-s390x-gnu": ["@rollup/rollup-linux-s390x-gnu@4.53.3", "", { "os": "linux", "cpu": "s390x" }, "sha512-VYsFMpULAz87ZW6BVYw3I6sWesGpsP9OPcyKe8ofdg9LHxSbRMd7zrVrr5xi/3kMZtpWL/wC+UIJWJYVX5uTKg=="],

    "@rollup/rollup-linux-x64-gnu": ["@rollup/rollup-linux-x64-gnu@4.53.3", "", { "os": "linux", "cpu": "x64" }, "sha512-3EhFi1FU6YL8HTUJZ51imGJWEX//ajQPfqWLI3BQq4TlvHy4X0MOr5q3D2Zof/ka0d5FNdPwZXm3Yyib/UEd+w=="],

    "@rollup/rollup-linux-x64-musl": ["@rollup/rollup-linux-x64-musl@4.53.3", "", { "os": "linux", "cpu": "x64" }, "sha512-eoROhjcc6HbZCJr+tvVT8X4fW3/5g/WkGvvmwz/88sDtSJzO7r/blvoBDgISDiCjDRZmHpwud7h+6Q9JxFwq1Q=="],

    "@rollup/rollup-openharmony-arm64": ["@rollup/rollup-openharmony-arm64@4.53.3", "", { "os": "none", "cpu": "arm64" }, "sha512-OueLAWgrNSPGAdUdIjSWXw+u/02BRTcnfw9PN41D2vq/JSEPnJnVuBgw18VkN8wcd4fjUs+jFHVM4t9+kBSNLw=="],

    "@rollup/rollup-win32-arm64-msvc": ["@rollup/rollup-win32-arm64-msvc@4.53.3", "", { "os": "win32", "cpu": "arm64" }, "sha512-GOFuKpsxR/whszbF/bzydebLiXIHSgsEUp6M0JI8dWvi+fFa1TD6YQa4aSZHtpmh2/uAlj/Dy+nmby3TJ3pkTw=="],

    "@rollup/rollup-win32-ia32-msvc": ["@rollup/rollup-win32-ia32-msvc@4.53.3", "", { "os": "win32", "cpu": "ia32" }, "sha512-iah+THLcBJdpfZ1TstDFbKNznlzoxa8fmnFYK4V67HvmuNYkVdAywJSoteUszvBQ9/HqN2+9AZghbajMsFT+oA=="],

    "@rollup/rollup-win32-x64-gnu": ["@rollup/rollup-win32-x64-gnu@4.53.3", "", { "os": "win32", "cpu": "x64" }, "sha512-J9QDiOIZlZLdcot5NXEepDkstocktoVjkaKUtqzgzpt2yWjGlbYiKyp05rWwk4nypbYUNoFAztEgixoLaSETkg=="],

    "@rollup/rollup-win32-x64-msvc": ["@rollup/rollup-win32-x64-msvc@4.53.3", "", { "os": "win32", "cpu": "x64" }, "sha512-UhTd8u31dXadv0MopwGgNOBpUVROFKWVQgAg5N1ESyCz8AuBcMqm4AuTjrwgQKGDfoFuz02EuMRHQIw/frmYKQ=="],

    "@sveltejs/acorn-typescript": ["@sveltejs/acorn-typescript@1.0.5", "", { "peerDependencies": { "acorn": "^8.9.0" } }, "sha512-IwQk4yfwLdibDlrXVE04jTZYlLnwsTT2PIOQQGNLWfjavGifnk1JD1LcZjZaBTRcxZu2FfPfNLOE04DSu9lqtQ=="],

    "@types/d3": ["@types/d3@7.4.3", "", { "dependencies": { "@types/d3-array": "*", "@types/d3-axis": "*", "@types/d3-brush": "*", "@types/d3-chord": "*", "@types/d3-color": "*", "@types/d3-contour": "*", "@types/d3-delaunay": "*", "@types/d3-dispatch": "*", "@types/d3-drag": "*", "@types/d3-dsv": "*", "@types/d3-ease": "*", "@types/d3-fetch": "*", "@types/d3-force": "*", "@types/d3-format": "*", "@types/d3-geo": "*", "@types/d3-hierarchy": "*", "@types/d3-interpolate": "*", "@types/d3-path": "*", "@types/d3-polygon": "*", "@types/d3-quadtree": "*", "@types/d3-random": "*", "@types/d3-scale": "*", "@types/d3-scale-chromatic": "*", "@types/d3-selection": "*", "@types/d3-shape": "*", "@types/d3-time": "*", "@types/d3-time-format": "*", "@types/d3-timer": "*", "@types/d3-transition": "*", "@types/d3-zoom": "*" } }, "sha512-lZXZ9ckh5R8uiFVt8ogUNf+pIrK4EsWrx2Np75WvF/eTpJ0FMHNhjXk8CKEx/+gpHbNQyJWehbFaTvqmHWB3ww=="],

    "@types/d3-array": ["@types/d3-array@3.2.1", "", {}, "sha512-Y2Jn2idRrLzUfAKV2LyRImR+y4oa2AntrgID95SHJxuMUrkNXmanDSed71sRNZysveJVt1hLLemQZIady0FpEg=="],

    "@types/d3-axis": ["@types/d3-axis@3.0.6", "", { "dependencies": { "@types/d3-selection": "*" } }, "sha512-pYeijfZuBd87T0hGn0FO1vQ/cgLk6E1ALJjfkC0oJ8cbwkZl3TpgS8bVBLZN+2jjGgg38epgxb2zmoGtSfvgMw=="],

    "@types/d3-brush": ["@types/d3-brush@3.0.6", "", { "dependencies": { "@types/d3-selection": "*" } }, "sha512-nH60IZNNxEcrh6L1ZSMNA28rj27ut/2ZmI3r96Zd+1jrZD++zD3LsMIjWlvg4AYrHn/Pqz4CF3veCxGjtbqt7A=="],

    "@types/d3-chord": ["@types/d3-chord@3.0.6", "", {}, "sha512-LFYWWd8nwfwEmTZG9PfQxd17HbNPksHBiJHaKuY1XeqscXacsS2tyoo6OdRsjf+NQYeB6XrNL3a25E3gH69lcg=="],

    "@types/d3-color": ["@types/d3-color@3.1.3", "", {}, "sha512-iO90scth9WAbmgv7ogoq57O9YpKmFBbmoEoCHDB2xMBY0+/KVrqAaCDyCE16dUspeOvIxFFRI+0sEtqDqy2b4A=="],

    "@types/d3-contour": ["@types/d3-contour@3.0.6", "", { "dependencies": { "@types/d3-array": "*", "@types/geojson": "*" } }, "sha512-BjzLgXGnCWjUSYGfH1cpdo41/hgdWETu4YxpezoztawmqsvCeep+8QGfiY6YbDvfgHz/DkjeIkkZVJavB4a3rg=="],

    "@types/d3-delaunay": ["@types/d3-delaunay@6.0.4", "", {}, "sha512-ZMaSKu4THYCU6sV64Lhg6qjf1orxBthaC161plr5KuPHo3CNm8DTHiLw/5Eq2b6TsNP0W0iJrUOFscY6Q450Hw=="],

    "@types/d3-dispatch": ["@types/d3-dispatch@3.0.6", "", {}, "sha512-4fvZhzMeeuBJYZXRXrRIQnvUYfyXwYmLsdiN7XXmVNQKKw1cM8a5WdID0g1hVFZDqT9ZqZEY5pD44p24VS7iZQ=="],

    "@types/d3-drag": ["@types/d3-drag@3.0.7", "", { "dependencies": { "@types/d3-selection": "*" } }, "sha512-HE3jVKlzU9AaMazNufooRJ5ZpWmLIoc90A37WU2JMmeq28w1FQqCZswHZ3xR+SuxYftzHq6WU6KJHvqxKzTxxQ=="],

    "@types/d3-dsv": ["@types/d3-dsv@3.0.7", "", {}, "sha512-n6QBF9/+XASqcKK6waudgL0pf/S5XHPPI8APyMLLUHd8NqouBGLsU8MgtO7NINGtPBtk9Kko/W4ea0oAspwh9g=="],

    "@types/d3-ease": ["@types/d3-ease@3.0.2", "", {}, "sha512-NcV1JjO5oDzoK26oMzbILE6HW7uVXOHLQvHshBUW4UMdZGfiY6v5BeQwh9a9tCzv+CeefZQHJt5SRgK154RtiA=="],

    "@types/d3-fetch": ["@types/d3-fetch@3.0.7", "", { "dependencies": { "@types/d3-dsv": "*" } }, "sha512-fTAfNmxSb9SOWNB9IoG5c8Hg6R+AzUHDRlsXsDZsNp6sxAEOP0tkP3gKkNSO/qmHPoBFTxNrjDprVHDQDvo5aA=="],

    "@types/d3-force": ["@types/d3-force@3.0.10", "", {}, "sha512-ZYeSaCF3p73RdOKcjj+swRlZfnYpK1EbaDiYICEEp5Q6sUiqFaFQ9qgoshp5CzIyyb/yD09kD9o2zEltCexlgw=="],

    "@types/d3-format": ["@types/d3-format@3.0.4", "", {}, "sha512-fALi2aI6shfg7vM5KiR1wNJnZ7r6UuggVqtDA+xiEdPZQwy/trcQaHnwShLuLdta2rTymCNpxYTiMZX/e09F4g=="],

    "@types/d3-geo": ["@types/d3-geo@3.1.0", "", { "dependencies": { "@types/geojson": "*" } }, "sha512-856sckF0oP/diXtS4jNsiQw/UuK5fQG8l/a9VVLeSouf1/PPbBE1i1W852zVwKwYCBkFJJB7nCFTbk6UMEXBOQ=="],

    "@types/d3-hierarchy": ["@types/d3-hierarchy@3.1.7", "", {}, "sha512-tJFtNoYBtRtkNysX1Xq4sxtjK8YgoWUNpIiUee0/jHGRwqvzYxkq0hGVbbOGSz+JgFxxRu4K8nb3YpG3CMARtg=="],

    "@types/d3-interpolate": ["@types/d3-interpolate@3.0.4", "", { "dependencies": { "@types/d3-color": "*" } }, "sha512-mgLPETlrpVV1YRJIglr4Ez47g7Yxjl1lj7YKsiMCb27VJH9W8NVM6Bb9d8kkpG/uAQS5AmbA48q2IAolKKo1MA=="],

    "@types/d3-path": ["@types/d3-path@3.1.1", "", {}, "sha512-VMZBYyQvbGmWyWVea0EHs/BwLgxc+MKi1zLDCONksozI4YJMcTt8ZEuIR4Sb1MMTE8MMW49v0IwI5+b7RmfWlg=="],

    "@types/d3-polygon": ["@types/d3-polygon@3.0.2", "", {}, "sha512-ZuWOtMaHCkN9xoeEMr1ubW2nGWsp4nIql+OPQRstu4ypeZ+zk3YKqQT0CXVe/PYqrKpZAi+J9mTs05TKwjXSRA=="],

    "@types/d3-quadtree": ["@types/d3-quadtree@3.0.6", "", {}, "sha512-oUzyO1/Zm6rsxKRHA1vH0NEDG58HrT5icx/azi9MF1TWdtttWl0UIUsjEQBBh+SIkrpd21ZjEv7ptxWys1ncsg=="],

    "@types/d3-random": ["@types/d3-random@3.0.3", "", {}, "sha512-Imagg1vJ3y76Y2ea0871wpabqp613+8/r0mCLEBfdtqC7xMSfj9idOnmBYyMoULfHePJyxMAw3nWhJxzc+LFwQ=="],

    "@types/d3-scale": ["@types/d3-scale@4.0.9", "", { "dependencies": { "@types/d3-time": "*" } }, "sha512-dLmtwB8zkAeO/juAMfnV+sItKjlsw2lKdZVVy6LRr0cBmegxSABiLEpGVmSJJ8O08i4+sGR6qQtb6WtuwJdvVw=="],

    "@types/d3-scale-chromatic": ["@types/d3-scale-chromatic@3.1.0", "", {}, "sha512-iWMJgwkK7yTRmWqRB5plb1kadXyQ5Sj8V/zYlFGMUBbIPKQScw+Dku9cAAMgJG+z5GYDoMjWGLVOvjghDEFnKQ=="],

    "@types/d3-selection": ["@types/d3-selection@3.0.11", "", {}, "sha512-bhAXu23DJWsrI45xafYpkQ4NtcKMwWnAC/vKrd2l+nxMFuvOT3XMYTIj2opv8vq8AO5Yh7Qac/nSeP/3zjTK0w=="],

    "@types/d3-shape": ["@types/d3-shape@3.1.7", "", { "dependencies": { "@types/d3-path": "*" } }, "sha512-VLvUQ33C+3J+8p+Daf+nYSOsjB4GXp19/S/aGo60m9h1v6XaxjiT82lKVWJCfzhtuZ3yD7i/TPeC/fuKLLOSmg=="],

    "@types/d3-time": ["@types/d3-time@3.0.4", "", {}, "sha512-yuzZug1nkAAaBlBBikKZTgzCeA+k1uy4ZFwWANOfKw5z5LRhV0gNA7gNkKm7HoK+HRN0wX3EkxGk0fpbWhmB7g=="],

    "@types/d3-time-format": ["@types/d3-time-format@4.0.3", "", {}, "sha512-5xg9rC+wWL8kdDj153qZcsJ0FWiFt0J5RB6LYUNZjwSnesfblqrI/bJ1wBdJ8OQfncgbJG5+2F+qfqnqyzYxyg=="],

    "@types/d3-timer": ["@types/d3-timer@3.0.2", "", {}, "sha512-Ps3T8E8dZDam6fUyNiMkekK3XUsaUEik+idO9/YjPtfj2qruF8tFBXS7XhtE4iIXBLxhmLjP3SXpLhVf21I9Lw=="],

    "@types/d3-transition": ["@types/d3-transition@3.0.9", "", { "dependencies": { "@types/d3-selection": "*" } }, "sha512-uZS5shfxzO3rGlu0cC3bjmMFKsXv+SmZZcgp0KD22ts4uGXp5EVYGzu/0YdwZeKmddhcAccYtREJKkPfXkZuCg=="],

    "@types/d3-zoom": ["@types/d3-zoom@3.0.8", "", { "dependencies": { "@types/d3-interpolate": "*", "@types/d3-selection": "*" } }, "sha512-iqMC4/YlFCSlO8+2Ii1GGGliCAY4XdeG748w5vQUbevlbDu0zSjH/+jojorQVBK/se0j6DUFNPBGSqD3YWYnDw=="],

    "@types/estree": ["@types/estree@1.0.8", "", {}, "sha512-dWHzHa2WqEXI/O1E9OjrocMTKJl2mSrEolh1Iomrv6U+JuNwaHXsXx9bLu5gG7BUWFIN0skIQJQ/L1rIex4X6w=="],

    "@types/geojson": ["@types/geojson@7946.0.16", "", {}, "sha512-6C8nqWur3j98U6+lXDfTUWIfgvZU+EumvpHKcYjujKH7woYyLj2sUmff0tRhrqM7BohUw7Pz3ZB1jj2gW9Fvmg=="],

    "@types/node": ["@types/node@22.13.1", "", { "dependencies": { "undici-types": "~6.20.0" } }, "sha512-jK8uzQlrvXqEU91UxiK5J7pKHyzgnI1Qnl0QDHIgVGuolJhRb9EEl28Cj9b3rGR8B2lhFCtvIm5os8lFnO/1Ew=="],

    "@types/resolve": ["@types/resolve@1.20.2", "", {}, "sha512-60BCwRFOZCQhDncwQdxxeOEEkbc5dIMccYLwbxsS4TUNeVECQ/pBJ0j09mrHOl/JJvpRPGwO9SvE4nR2Nb/a4Q=="],

    "@types/topojson": ["@types/topojson@3.2.6", "", { "dependencies": { "@types/geojson": "*", "@types/topojson-client": "*", "@types/topojson-server": "*", "@types/topojson-simplify": "*", "@types/topojson-specification": "*" } }, "sha512-ppfdlxjxofWJ66XdLgIlER/85RvpGyfOf8jrWf+3kVIjEatFxEZYD/Ea83jO672Xu1HRzd/ghwlbcZIUNHTskw=="],

    "@types/topojson-client": ["@types/topojson-client@3.1.5", "", { "dependencies": { "@types/geojson": "*", "@types/topojson-specification": "*" } }, "sha512-C79rySTyPxnQNNguTZNI1Ct4D7IXgvyAs3p9HPecnl6mNrJ5+UhvGNYcZfpROYV2lMHI48kJPxwR+F9C6c7nmw=="],

    "@types/topojson-server": ["@types/topojson-server@3.0.4", "", { "dependencies": { "@types/geojson": "*", "@types/topojson-specification": "*" } }, "sha512-5+ieK8ePfP+K2VH6Vgs1VCt+fO1U8XZHj0UsF+NktaF0DavAo1q3IvCBXgokk/xmtvoPltSUs6vxuR/zMdOE1g=="],

    "@types/topojson-simplify": ["@types/topojson-simplify@3.0.3", "", { "dependencies": { "@types/geojson": "*", "@types/topojson-specification": "*" } }, "sha512-sBO5UZ0O2dB0bNwo0vut2yLHhj3neUGi9uL7/ROdm8Gs6dtt4jcB9OGDKr+M2isZwQM2RuzVmifnMZpxj4IGNw=="],

    "@types/topojson-specification": ["@types/topojson-specification@1.0.5", "", { "dependencies": { "@types/geojson": "*" } }, "sha512-C7KvcQh+C2nr6Y2Ub4YfgvWvWCgP2nOQMtfhlnwsRL4pYmmwzBS7HclGiS87eQfDOU/DLQpX6GEscviaz4yLIQ=="],

    "@types/trusted-types": ["@types/trusted-types@2.0.7", "", {}, "sha512-ScaPdn1dQczgbl0QFTeTOmVHFULt394XJgOQNoyVhZ6r2vLnMLJfBPd53SB52T/3G36VI1/g2MZaX0cwDuXsfw=="],

    "acorn": ["acorn@8.14.0", "", { "bin": { "acorn": "bin/acorn" } }, "sha512-cl669nCJTZBsL97OF4kUQm5g5hC2uihk0NxY3WENAC0TYdILVkAyHymAntgxGkl7K+t0cXIrH5siy5S4XkFycA=="],

    "aria-query": ["aria-query@5.3.2", "", {}, "sha512-COROpnaoap1E2F000S62r6A60uHZnmlvomhfyT2DlTcrY1OrBKn2UhH7qn5wTC9zMvD0AY7csdPSNwKP+7WiQw=="],

    "axobject-query": ["axobject-query@4.1.0", "", {}, "sha512-qIj0G9wZbMGNLjLmg1PT6v2mE9AH2zlnADJD/2tC6E00hgmhUOfEB6greHPAfLRSufHqROIUTkw6E+M3lH0PTQ=="],

    "buffer-from": ["buffer-from@1.1.2", "", {}, "sha512-E+XQCRwSbaaiChtv6k6Dwgc+bx+Bs6vuKJHHl5kox/BaKbhiXzqQOwK4cO22yElGp2OCmjwVhT3HmxgyPGnJfQ=="],

    "clsx": ["clsx@2.1.1", "", {}, "sha512-eYm0QWBtUrBWZWG0d386OGAw16Z995PiOVo2B7bjWSbHedGl5e0ZWaq65kOGgUSNesEIDkB9ISbTg/JK9dhCZA=="],

    "color": ["color@4.2.3", "", { "dependencies": { "color-convert": "^2.0.1", "color-string": "^1.9.0" } }, "sha512-1rXeuUUiGGrykh+CeBdu5Ie7OJwinCgQY0bc7GCRxy5xVHy+moaqkpL/jqQq0MtQOeYcrqEz4abc5f0KtU7W4A=="],

    "color-convert": ["color-convert@2.0.1", "", { "dependencies": { "color-name": "~1.1.4" } }, "sha512-RRECPsj7iu/xb5oKYcsFHSppFNnsj/52OVTRKb4zP5onXwVF3zVmmToNcOfGC+CRDpfK/U584fMg38ZHCaElKQ=="],

    "color-name": ["color-name@1.1.4", "", {}, "sha512-dOy+3AuW3a2wNbZHIuMZpTcgjGuLU/uBL/ubcZF9OXbDo8ff4O8yVp5Bf0efS8uEoYo5q4Fx7dY9OgQGXgAsQA=="],

    "color-string": ["color-string@1.9.1", "", { "dependencies": { "color-name": "^1.0.0", "simple-swizzle": "^0.2.2" } }, "sha512-shrVawQFojnZv6xM40anx4CkoDP+fZsw/ZerEMsW/pyzsRbElpsL/DBVW7q3ExxwusdNXI3lXpuhEZkzs8p5Eg=="],

    "commander": ["commander@7.2.0", "", {}, "sha512-QrWXB+ZQSVPmIWIhtEO9H+gwHaMGYiF5ChvoJ+K9ZGHG/sVsa6yiesAD1GC/x46sET00Xlwo1u49RVVVzvcSkw=="],

    "commondir": ["commondir@1.0.1", "", {}, "sha512-W9pAhw0ja1Edb5GVdIF1mjZw/ASI0AlShXM83UUGe2DVr5TdAPEA1OA8m/g8zWp9x6On7gqufY+FatDbC3MDQg=="],

    "d3": ["d3@7.9.0", "", { "dependencies": { "d3-array": "3", "d3-axis": "3", "d3-brush": "3", "d3-chord": "3", "d3-color": "3", "d3-contour": "4", "d3-delaunay": "6", "d3-dispatch": "3", "d3-drag": "3", "d3-dsv": "3", "d3-ease": "3", "d3-fetch": "3", "d3-force": "3", "d3-format": "3", "d3-geo": "3", "d3-hierarchy": "3", "d3-interpolate": "3", "d3-path": "3", "d3-polygon": "3", "d3-quadtree": "3", "d3-random": "3", "d3-scale": "4", "d3-scale-chromatic": "3", "d3-selection": "3", "d3-shape": "3", "d3-time": "3", "d3-time-format": "4", "d3-timer": "3", "d3-transition": "3", "d3-zoom": "3" } }, "sha512-e1U46jVP+w7Iut8Jt8ri1YsPOvFpg46k+K8TpCb0P+zjCkjkPnV7WzfDJzMHy1LnA+wj5pLT1wjO901gLXeEhA=="],

    "d3-array": ["d3-array@3.2.4", "", { "dependencies": { "internmap": "1 - 2" } }, "sha512-tdQAmyA18i4J7wprpYq8ClcxZy3SC31QMeByyCFyRt7BVHdREQZ5lpzoe5mFEYZUWe+oq8HBvk9JjpibyEV4Jg=="],

    "d3-axis": ["d3-axis@3.0.0", "", {}, "sha512-IH5tgjV4jE/GhHkRV0HiVYPDtvfjHQlQfJHs0usq7M30XcSBvOotpmH1IgkcXsO/5gEQZD43B//fc7SRT5S+xw=="],

    "d3-brush": ["d3-brush@3.0.0", "", { "dependencies": { "d3-dispatch": "1 - 3", "d3-drag": "2 - 3", "d3-interpolate": "1 - 3", "d3-selection": "3", "d3-transition": "3" } }, "sha512-ALnjWlVYkXsVIGlOsuWH1+3udkYFI48Ljihfnh8FZPF2QS9o+PzGLBslO0PjzVoHLZ2KCVgAM8NVkXPJB2aNnQ=="],

    "d3-chord": ["d3-chord@3.0.1", "", { "dependencies": { "d3-path": "1 - 3" } }, "sha512-VE5S6TNa+j8msksl7HwjxMHDM2yNK3XCkusIlpX5kwauBfXuyLAtNg9jCp/iHH61tgI4sb6R/EIMWCqEIdjT/g=="],

    "d3-cloud": ["d3-cloud@1.2.7", "", { "dependencies": { "d3-dispatch": "^1.0.3" } }, "sha512-8TrgcgwRIpoZYQp7s3fGB7tATWfhckRb8KcVd1bOgqkNdkJRDGWfdSf4HkHHzZxSczwQJdSxvfPudwir5IAJ3w=="],

    "d3-color": ["d3-color@3.1.0", "", {}, "sha512-zg/chbXyeBtMQ1LbD/WSoW2DpC3I0mpmPdW+ynRTj/x2DAWYrIY7qeZIHidozwV24m4iavr15lNwIwLxRmOxhA=="],

    "d3-contour": ["d3-contour@4.0.2", "", { "dependencies": { "d3-array": "^3.2.0" } }, "sha512-4EzFTRIikzs47RGmdxbeUvLWtGedDUNkTcmzoeyg4sP/dvCexO47AaQL7VKy/gul85TOxw+IBgA8US2xwbToNA=="],

    "d3-delaunay": ["d3-delaunay@6.0.4", "", { "dependencies": { "delaunator": "5" } }, "sha512-mdjtIZ1XLAM8bm/hx3WwjfHt6Sggek7qH043O8KEjDXN40xi3vx/6pYSVTwLjEgiXQTbvaouWKynLBiUZ6SK6A=="],

    "d3-dispatch": ["d3-dispatch@3.0.1", "", {}, "sha512-rzUyPU/S7rwUflMyLc1ETDeBj0NRuHKKAcvukozwhshr6g6c5d8zh4c2gQjY2bZ0dXeGLWc1PF174P2tVvKhfg=="],

    "d3-drag": ["d3-drag@3.0.0", "", { "dependencies": { "d3-dispatch": "1 - 3", "d3-selection": "3" } }, "sha512-pWbUJLdETVA8lQNJecMxoXfH6x+mO2UQo8rSmZ+QqxcbyA3hfeprFgIT//HW2nlHChWeIIMwS2Fq+gEARkhTkg=="],

    "d3-dsv": ["d3-dsv@3.0.1", "", { "dependencies": { "commander": "7", "iconv-lite": "0.6", "rw": "1" }, "bin": { "csv2json": "bin/dsv2json.js", "csv2tsv": "bin/dsv2dsv.js", "dsv2dsv": "bin/dsv2dsv.js", "dsv2json": "bin/dsv2json.js", "json2csv": "bin/json2dsv.js", "json2dsv": "bin/json2dsv.js", "json2tsv": "bin/json2dsv.js", "tsv2csv": "bin/dsv2dsv.js", "tsv2json": "bin/dsv2json.js" } }, "sha512-UG6OvdI5afDIFP9w4G0mNq50dSOsXHJaRE8arAS5o9ApWnIElp8GZw1Dun8vP8OyHOZ/QJUKUJwxiiCCnUwm+Q=="],

    "d3-ease": ["d3-ease@3.0.1", "", {}, "sha512-wR/XK3D3XcLIZwpbvQwQ5fK+8Ykds1ip7A2Txe0yxncXSdq1L9skcG7blcedkOX+ZcgxGAmLX1FrRGbADwzi0w=="],

    "d3-fetch": ["d3-fetch@3.0.1", "", { "dependencies": { "d3-dsv": "1 - 3" } }, "sha512-kpkQIM20n3oLVBKGg6oHrUchHM3xODkTzjMoj7aWQFq5QEM+R6E4WkzT5+tojDY7yjez8KgCBRoj4aEr99Fdqw=="],

    "d3-force": ["d3-force@3.0.0", "", { "dependencies": { "d3-dispatch": "1 - 3", "d3-quadtree": "1 - 3", "d3-timer": "1 - 3" } }, "sha512-zxV/SsA+U4yte8051P4ECydjD/S+qeYtnaIyAs9tgHCqfguma/aAQDjo85A9Z6EKhBirHRJHXIgJUlffT4wdLg=="],

    "d3-format": ["d3-format@3.1.0", "", {}, "sha512-YyUI6AEuY/Wpt8KWLgZHsIU86atmikuoOmCfommt0LYHiQSPjvX2AcFc38PX0CBpr2RCyZhjex+NS/LPOv6YqA=="],

    "d3-geo": ["d3-geo@3.1.1", "", { "dependencies": { "d3-array": "2.5.0 - 3" } }, "sha512-637ln3gXKXOwhalDzinUgY83KzNWZRKbYubaG+fGVuc/dxO64RRljtCTnf5ecMyE1RIdtqpkVcq0IbtU2S8j2Q=="],

    "d3-hierarchy": ["d3-hierarchy@3.1.2", "", {}, "sha512-FX/9frcub54beBdugHjDCdikxThEqjnR93Qt7PvQTOHxyiNCAlvMrHhclk3cD5VeAaq9fxmfRp+CnWw9rEMBuA=="],

    "d3-interpolate": ["d3-interpolate@3.0.1", "", { "dependencies": { "d3-color": "1 - 3" } }, "sha512-3bYs1rOD33uo8aqJfKP3JWPAibgw8Zm2+L9vBKEHJ2Rg+viTR7o5Mmv5mZcieN+FRYaAOWX5SJATX6k1PWz72g=="],

    "d3-path": ["d3-path@3.1.0", "", {}, "sha512-p3KP5HCf/bvjBSSKuXid6Zqijx7wIfNW+J/maPs+iwR35at5JCbLUT0LzF1cnjbCHWhqzQTIN2Jpe8pRebIEFQ=="],

    "d3-polygon": ["d3-polygon@3.0.1", "", {}, "sha512-3vbA7vXYwfe1SYhED++fPUQlWSYTTGmFmQiany/gdbiWgU/iEyQzyymwL9SkJjFFuCS4902BSzewVGsHHmHtXg=="],

    "d3-quadtree": ["d3-quadtree@3.0.1", "", {}, "sha512-04xDrxQTDTCFwP5H6hRhsRcb9xxv2RzkcsygFzmkSIOJy3PeRJP7sNk3VRIbKXcog561P9oU0/rVH6vDROAgUw=="],

    "d3-random": ["d3-random@3.0.1", "", {}, "sha512-FXMe9GfxTxqd5D6jFsQ+DJ8BJS4E/fT5mqqdjovykEB2oFbTMDVdg1MGFxfQW+FBOGoB++k8swBrgwSHT1cUXQ=="],

    "d3-sankey": ["d3-sankey@0.12.3", "", { "dependencies": { "d3-array": "1 - 2", "d3-shape": "^1.2.0" } }, "sha512-nQhsBRmM19Ax5xEIPLMY9ZmJ/cDvd1BG3UVvt5h3WRxKg5zGRbvnteTyWAbzeSvlh3tW7ZEmq4VwR5mB3tutmQ=="],

    "d3-scale": ["d3-scale@4.0.2", "", { "dependencies": { "d3-array": "2.10.0 - 3", "d3-format": "1 - 3", "d3-interpolate": "1.2.0 - 3", "d3-time": "2.1.1 - 3", "d3-time-format": "2 - 4" } }, "sha512-GZW464g1SH7ag3Y7hXjf8RoUuAFIqklOAq3MRl4OaWabTFJY9PN/E1YklhXLh+OQ3fM9yS2nOkCoS+WLZ6kvxQ=="],

    "d3-scale-chromatic": ["d3-scale-chromatic@3.1.0", "", { "dependencies": { "d3-color": "1 - 3", "d3-interpolate": "1 - 3" } }, "sha512-A3s5PWiZ9YCXFye1o246KoscMWqf8BsD9eRiJ3He7C9OBaxKhAd5TFCdEx/7VbKtxxTsu//1mMJFrEt572cEyQ=="],

    "d3-selection": ["d3-selection@3.0.0", "", {}, "sha512-fmTRWbNMmsmWq6xJV8D19U/gw/bwrHfNXxrIN+HfZgnzqTHp9jOmKMhsTUjXOJnZOdZY9Q28y4yebKzqDKlxlQ=="],

    "d3-shape": ["d3-shape@3.2.0", "", { "dependencies": { "d3-path": "^3.1.0" } }, "sha512-SaLBuwGm3MOViRq2ABk3eLoxwZELpH6zhl3FbAoJ7Vm1gofKx6El1Ib5z23NUEhF9AsGl7y+dzLe5Cw2AArGTA=="],

    "d3-time": ["d3-time@3.1.0", "", { "dependencies": { "d3-array": "2 - 3" } }, "sha512-VqKjzBLejbSMT4IgbmVgDjpkYrNWUYJnbCGo874u7MMKIWsILRX+OpX/gTk8MqjpT1A/c6HY2dCA77ZN0lkQ2Q=="],

    "d3-time-format": ["d3-time-format@4.1.0", "", { "dependencies": { "d3-time": "1 - 3" } }, "sha512-dJxPBlzC7NugB2PDLwo9Q8JiTR3M3e4/XANkreKSUxF8vvXKqm1Yfq4Q5dl8budlunRVlUUaDUgFt7eA8D6NLg=="],

    "d3-timer": ["d3-timer@3.0.1", "", {}, "sha512-ndfJ/JxxMd3nw31uyKoY2naivF+r29V+Lc0svZxe1JvvIRmi8hUsrMvdOwgS1o6uBHmiz91geQ0ylPP0aj1VUA=="],

    "d3-transition": ["d3-transition@3.0.1", "", { "dependencies": { "d3-color": "1 - 3", "d3-dispatch": "1 - 3", "d3-ease": "1 - 3", "d3-interpolate": "1 - 3", "d3-timer": "1 - 3" }, "peerDependencies": { "d3-selection": "2 - 3" } }, "sha512-ApKvfjsSR6tg06xrL434C0WydLr7JewBB3V+/39RMHsaXTOG0zmt/OAXeng5M5LBm0ojmxJrpomQVZ1aPvBL4w=="],

    "d3-zoom": ["d3-zoom@3.0.0", "", { "dependencies": { "d3-dispatch": "1 - 3", "d3-drag": "2 - 3", "d3-interpolate": "1 - 3", "d3-selection": "2 - 3", "d3-transition": "2 - 3" } }, "sha512-b8AmV3kfQaqWAuacbPuNbL6vahnOJflOhexLzMMNLga62+/nh0JzvJ0aO/5a5MVgUFGS7Hu1P9P03o3fJkDCyw=="],

    "date-fns": ["date-fns@4.1.0", "", {}, "sha512-Ukq0owbQXxa/U3EGtsdVBkR1w7KOQ5gIBqdH2hkvknzZPYvBxb/aa6E8L7tmjFtkwZBu3UXBbjIgPo/Ez4xaNg=="],

    "deepmerge": ["deepmerge@4.3.1", "", {}, "sha512-3sUqbMEc77XqpdNO7FRyRog+eW3ph+GYCbj+rK+uYyRMuwsVy0rMiVtPn+QJlKFvWP/1PYpapqYn0Me2knFn+A=="],

    "delaunator": ["delaunator@5.0.1", "", { "dependencies": { "robust-predicates": "^3.0.2" } }, "sha512-8nvh+XBe96aCESrGOqMp/84b13H9cdKbG5P2ejQCh4d4sK9RL4371qou9drQjMhvnPmhWl5hnmqbEE0fXr9Xnw=="],

    "devalue": ["devalue@5.5.0", "", {}, "sha512-69sM5yrHfFLJt0AZ9QqZXGCPfJ7fQjvpln3Rq5+PS03LD32Ost1Q9N+eEnaQwGRIriKkMImXD56ocjQmfjbV3w=="],

    "dompurify": ["dompurify@3.2.4", "", { "optionalDependencies": { "@types/trusted-types": "^2.0.7" } }, "sha512-ysFSFEDVduQpyhzAob/kkuJjf5zWkZD8/A9ywSp1byueyuCfHamrCBa14/Oc2iiB0e51B+NpxSl5gmzn+Ms/mg=="],

    "esm-env": ["esm-env@1.2.2", "", {}, "sha512-Epxrv+Nr/CaL4ZcFGPJIYLWFom+YeV1DqMLHJoEd9SYRxNbaFruBwfEX/kkHUJf55j2+TUbmDcmuilbP1TmXHA=="],

    "esrap": ["esrap@2.2.0", "", { "dependencies": { "@jridgewell/sourcemap-codec": "^1.4.15" } }, "sha512-WBmtxe7R9C5mvL4n2le8nMUe4mD5V9oiK2vJpQ9I3y20ENPUomPcphBXE8D1x/Bm84oN1V+lOfgXxtqmxTp3Xg=="],

    "estree-walker": ["estree-walker@2.0.2", "", {}, "sha512-Rfkk/Mp/DL7JVje3u18FxFujQlTNR2q6QfMSMB7AvCBx91NGj/ba3kCfza0f6dVDbw7YlRf/nDrn7pQrCCyQ/w=="],

    "fdir": ["fdir@6.4.3", "", { "peerDependencies": { "picomatch": "^3 || ^4" }, "optionalPeers": ["picomatch"] }, "sha512-PMXmW2y1hDDfTSRc9gaXIuCCRpuoz3Kaz8cUelp3smouvfT632ozg2vrT6lJsHKKOF59YLbOGfAWGUcKEfRMQw=="],

    "fsevents": ["fsevents@2.3.3", "", { "os": "darwin" }, "sha512-5xoDfX+fL7faATnagmWPpbFtwh/R77WmMMqqHGS65C3vvB0YHrgF+B1YmZ3441tMj5n63k0212XNoJwzlhffQw=="],

    "function-bind": ["function-bind@1.1.2", "", {}, "sha512-7XHNxH7qX9xG5mIwxkhumTox/MIRNcOgDrxWsMt2pAr23WHp6MrRlN7FBSFpCpr+oVO0F744iUgR82nJMfG2SA=="],

    "has-flag": ["has-flag@4.0.0", "", {}, "sha512-EykJT/Q1KjTWctppgIAgfSO0tKVuZUjhgMr17kqTumMl6Afv3EISleU7qZUzoXDFTAHTDC4NOoG/ZxU3EvlMPQ=="],

    "hasown": ["hasown@2.0.2", "", { "dependencies": { "function-bind": "^1.1.2" } }, "sha512-0hJU9SCPvmMzIBdZFqNPXWa6dqh7WdH0cII9y+CyS8rG3nL48Bclra9HmKhVVUHyPWNH5Y7xDwAB7bfgSjkUMQ=="],

    "html-to-image": ["html-to-image@1.11.13", "", {}, "sha512-cuOPoI7WApyhBElTTb9oqsawRvZ0rHhaHwghRLlTuffoD1B2aDemlCruLeZrUIIdvG7gs9xeELEPm6PhuASqrg=="],

    "iconv-lite": ["iconv-lite@0.6.3", "", { "dependencies": { "safer-buffer": ">= 2.1.2 < 3.0.0" } }, "sha512-4fCk79wshMdzMp2rH06qWrJE4iolqLhCUH+OiuIgU++RB0+94NlDL81atO7GX55uUKueo0txHNtvEyI6D7WdMw=="],

    "internmap": ["internmap@2.0.3", "", {}, "sha512-5Hh7Y1wQbvY5ooGgPbDaL5iYLAPzMTUrjMulskHLH6wnv/A+1q5rgEaiuqEjB+oxGXIVZs1FF+R/KPN3ZSQYYg=="],

    "is-arrayish": ["is-arrayish@0.3.2", "", {}, "sha512-eVRqCvVlZbuw3GrM63ovNSNAeA1K16kaR/LRY/92w0zxQ5/1YzwblUX652i4Xs9RwAGjW9d9y6X88t8OaAJfWQ=="],

    "is-core-module": ["is-core-module@2.16.1", "", { "dependencies": { "hasown": "^2.0.2" } }, "sha512-UfoeMA6fIJ8wTYFEUjelnaGI67v6+N7qXJEvQuIGa99l4xsCruSYOVSQ0uPANn4dAzm8lkYPaKLrrijLq7x23w=="],

    "is-module": ["is-module@1.0.0", "", {}, "sha512-51ypPSPCoTEIN9dy5Oy+h4pShgJmPCygKfyRCISBI+JoWT/2oJvK8QPxmwv7b/p239jXrm9M1mlQbyKJ5A152g=="],

    "is-reference": ["is-reference@1.2.1", "", { "dependencies": { "@types/estree": "*" } }, "sha512-U82MsXXiFIrjCK4otLT+o2NA2Cd2g5MLoOVXUZjIOhLurrRxpEXzI8O0KZHr3IjLvlAH1kTPYSuqer5T9ZVBKQ=="],

    "jest-worker": ["jest-worker@26.6.2", "", { "dependencies": { "@types/node": "*", "merge-stream": "^2.0.0", "supports-color": "^7.0.0" } }, "sha512-KWYVV1c4i+jbMpaBC+U++4Va0cp8OisU185o73T1vo99hqi7w8tSJfUXYswwqqrjzwxa6KpRK54WhPvwf5w6PQ=="],

    "js-tokens": ["js-tokens@4.0.0", "", {}, "sha512-RdJUflcE3cUzKiMqQgsCu06FPu9UdIJO0beYbPhHN4k6apgJtifcoCtT9bcxOpYBtpD2kCM6Sbzg4CausW/PKQ=="],

    "locate-character": ["locate-character@3.0.0", "", {}, "sha512-SW13ws7BjaeJ6p7Q6CO2nchbYEc3X3J6WrmTTDto7yMPqVSZTUyY5Tjbid+Ab8gLnATtygYtiDIJGQRRn2ZOiA=="],

    "lodash-es": ["lodash-es@4.17.21", "", {}, "sha512-mKnC+QJ9pWVzv+C4/U3rRsHapFfHvQFoFB92e52xeyGMcX6/OlIl78je1u8vePzYZSkkogMPJ2yjxxsb89cxyw=="],

    "magic-string": ["magic-string@0.30.17", "", { "dependencies": { "@jridgewell/sourcemap-codec": "^1.5.0" } }, "sha512-sNPKHvyjVf7gyjwS4xGTaW/mCnF8wnjtifKBEhxfZ7E/S8tQ0rssrwGNn6q8JH/ohItJfSQp9mBtQYuTlH5QnA=="],

    "merge-stream": ["merge-stream@2.0.0", "", {}, "sha512-abv/qOcuPfk3URPfDzmZU1LKmuw8kT+0nIHvKrKgFrwifol/doWcdA4ZqsWQ8ENrFKkd67Mfpo/LovbIUsbt3w=="],

    "path-parse": ["path-parse@1.0.7", "", {}, "sha512-LDJzPVEEEPR+y48z93A0Ed0yXb8pAByGWo/k5YYdYgpY2/2EsOsksJrq7lOHxryrVOn1ejG6oAp8ahvOIQD8sw=="],

    "picocolors": ["picocolors@1.1.1", "", {}, "sha512-xceH2snhtb5M9liqDsmEw56le376mTZkEX/jEb/RxNFyegNul7eNslCXP9FDj/Lcu0X8KEyMceP2ntpaHrDEVA=="],

    "picomatch": ["picomatch@4.0.2", "", {}, "sha512-M7BAV6Rlcy5u+m6oPhAPFgJTzAioX/6B0DxyvDlo9l8+T3nLKbrczg2WLUyzd45L8RqfUMyGPzekbMvX2Ldkwg=="],

    "randombytes": ["randombytes@2.1.0", "", { "dependencies": { "safe-buffer": "^5.1.0" } }, "sha512-vYl3iOX+4CKUWuxGi9Ukhie6fsqXqS9FE2Zaic4tNFD2N2QQaXOMFbuKK4QmDHC0JO6B1Zp41J0LpT0oR68amQ=="],

    "resolve": ["resolve@1.22.10", "", { "dependencies": { "is-core-module": "^2.16.0", "path-parse": "^1.0.7", "supports-preserve-symlinks-flag": "^1.0.0" }, "bin": { "resolve": "bin/resolve" } }, "sha512-NPRy+/ncIMeDlTAsuqwKIiferiawhefFJtkNSW0qZJEqMEb+qBt/77B/jGeeek+F0uOeN05CDa6HXbbIgtVX4w=="],

    "resolve.exports": ["resolve.exports@2.0.3", "", {}, "sha512-OcXjMsGdhL4XnbShKpAcSqPMzQoYkYyhbEaeSko47MjRP9NfEQMhZkXL1DoFlt9LWQn4YttrdnV6X2OiyzBi+A=="],

    "robust-predicates": ["robust-predicates@3.0.2", "", {}, "sha512-IXgzBWvWQwE6PrDI05OvmXUIruQTcoMDzRsOd5CDvHCVLcLHMTSYvOK5Cm46kWqlV3yAbuSpBZdJ5oP5OUoStg=="],

    "rollup": ["rollup@4.53.3", "", { "dependencies": { "@types/estree": "1.0.8" }, "optionalDependencies": { "@rollup/rollup-android-arm-eabi": "4.53.3", "@rollup/rollup-android-arm64": "4.53.3", "@rollup/rollup-darwin-arm64": "4.53.3", "@rollup/rollup-darwin-x64": "4.53.3", "@rollup/rollup-freebsd-arm64": "4.53.3", "@rollup/rollup-freebsd-x64": "4.53.3", "@rollup/rollup-linux-arm-gnueabihf": "4.53.3", "@rollup/rollup-linux-arm-musleabihf": "4.53.3", "@rollup/rollup-linux-arm64-gnu": "4.53.3", "@rollup/rollup-linux-arm64-musl": "4.53.3", "@rollup/rollup-linux-loong64-gnu": "4.53.3", "@rollup/rollup-linux-ppc64-gnu": "4.53.3", "@rollup/rollup-linux-riscv64-gnu": "4.53.3", "@rollup/rollup-linux-riscv64-musl": "4.53.3", "@rollup/rollup-linux-s390x-gnu": "4.53.3", "@rollup/rollup-linux-x64-gnu": "4.53.3", "@rollup/rollup-linux-x64-musl": "4.53.3", "@rollup/rollup-openharmony-arm64": "4.53.3", "@rollup/rollup-win32-arm64-msvc": "4.53.3", "@rollup/rollup-win32-ia32-msvc": "4.53.3", "@rollup/rollup-win32-x64-gnu": "4.53.3", "@rollup/rollup-win32-x64-msvc": "4.53.3", "fsevents": "~2.3.2" }, "bin": { "rollup": "dist/bin/rollup" } }, "sha512-w8GmOxZfBmKknvdXU1sdM9NHcoQejwF/4mNgj2JuEEdRaHwwF12K7e9eXn1nLZ07ad+du76mkVsyeb2rKGllsA=="],

    "rollup-plugin-css-only": ["rollup-plugin-css-only@4.5.5", "", { "dependencies": { "@rollup/pluginutils": "5" }, "peerDependencies": { "rollup": "<5" } }, "sha512-O2m2Sj8qsAtjUVqZyGTDXJypaOFFNV4knz8OlS6wJBws6XEICIiLsXmI56SbQEmWDqYU5TgRgWmslGj4THofJQ=="],

    "rollup-plugin-svelte": ["rollup-plugin-svelte@7.2.3", "", { "dependencies": { "@rollup/pluginutils": "^4.1.0", "resolve.exports": "^2.0.0" }, "peerDependencies": { "rollup": ">=2.0.0", "svelte": ">=3.5.0" } }, "sha512-LlniP+h00DfM+E4eav/Kk8uGjgPUjGIBfrAS/IxQvsuFdqSM0Y2sXf31AdxuIGSW9GsmocDqOfaxR5QNno/Tgw=="],

    "rollup-plugin-terser": ["rollup-plugin-terser@7.0.2", "", { "dependencies": { "@babel/code-frame": "^7.10.4", "jest-worker": "^26.2.1", "serialize-javascript": "^4.0.0", "terser": "^5.0.0" }, "peerDependencies": { "rollup": "^2.0.0" } }, "sha512-w3iIaU4OxcF52UUXiZNsNeuXIMDvFrr+ZXK6bFZ0Q60qyVfq4uLptoS4bbq3paG3x216eQllFZX7zt6TIImguQ=="],

    "rw": ["rw@1.3.3", "", {}, "sha512-PdhdWy89SiZogBLaw42zdeqtRJ//zFd2PgQavcICDUgJT5oW10QCRKbJ6bg4r0/UY2M6BWd5tkxuGFRvCkgfHQ=="],

    "safe-buffer": ["safe-buffer@5.2.1", "", {}, "sha512-rp3So07KcdmmKbGvgaNxQSJr7bGVSVk5S9Eq1F+ppbRo70+YeaDxkw5Dd8NPN+GD6bjnYm2VuPuCXmpuYvmCXQ=="],

    "safer-buffer": ["safer-buffer@2.1.2", "", {}, "sha512-YZo3K82SD7Riyi0E1EQPojLz7kpepnSQI9IyPbHHg1XXXevb5dJI7tpyN2ADxGcQbHG7vcyRHk0cbwqcQriUtg=="],

    "serialize-javascript": ["serialize-javascript@4.0.0", "", { "dependencies": { "randombytes": "^2.1.0" } }, "sha512-GaNA54380uFefWghODBWEGisLZFj00nS5ACs6yHa9nLqlLpVLO8ChDGeKRjZnV4Nh4n0Qi7nhYZD/9fCPzEqkw=="],

    "simple-swizzle": ["simple-swizzle@0.2.2", "", { "dependencies": { "is-arrayish": "^0.3.1" } }, "sha512-JA//kQgZtbuY83m+xT+tXJkmJncGMTFT+C+g2h2R9uxkYIrE2yy9sgmcLhCnw57/WSD+Eh3J97FPEDFnbXnDUg=="],

    "source-map": ["source-map@0.6.1", "", {}, "sha512-UjgapumWlbMhkBgzT7Ykc5YXUT46F0iKu8SGXq0bcwP5dz/h0Plj6enJqjz1Zbq2l5WaqYnrVbwWOWMyF3F47g=="],

    "source-map-support": ["source-map-support@0.5.21", "", { "dependencies": { "buffer-from": "^1.0.0", "source-map": "^0.6.0" } }, "sha512-uBHU3L3czsIyYXKX88fdrGovxdSCoTGDRZ6SYXtSRxLZUzHg5P/66Ht6uoUlHu9EZod+inXhKo3qQgwXUT/y1w=="],

    "supports-color": ["supports-color@7.2.0", "", { "dependencies": { "has-flag": "^4.0.0" } }, "sha512-qpCAvRl9stuOHveKsn7HncJRvv501qIacKzQlO/+Lwxc9+0q2wLyv4Dfvt80/DPn2pqOBsJdDiogXGR9+OvwRw=="],

    "supports-preserve-symlinks-flag": ["supports-preserve-symlinks-flag@1.0.0", "", {}, "sha512-ot0WnXS9fgdkgIcePe6RHNk1WA8+muPa6cSjeR3V8K27q9BB1rTE3R1p7Hv0z1ZyAc8s6Vvv8DIyWf681MAt0w=="],

    "svelte": ["svelte@5.45.2", "", { "dependencies": { "@jridgewell/remapping": "^2.3.4", "@jridgewell/sourcemap-codec": "^1.5.0", "@sveltejs/acorn-typescript": "^1.0.5", "@types/estree": "^1.0.5", "acorn": "^8.12.1", "aria-query": "^5.3.1", "axobject-query": "^4.1.0", "clsx": "^2.1.1", "devalue": "^5.5.0", "esm-env": "^1.2.1", "esrap": "^2.2.0", "is-reference": "^3.0.3", "locate-character": "^3.0.0", "magic-string": "^0.30.11", "zimmerframe": "^1.1.2" } }, "sha512-yyXdW2u3H0H/zxxWoGwJoQlRgaSJLp+Vhktv12iRw2WRDlKqUPT54Fi0K/PkXqrdkcQ98aBazpy0AH4BCBVfoA=="],

    "terser": ["terser@5.38.1", "", { "dependencies": { "@jridgewell/source-map": "^0.3.3", "acorn": "^8.8.2", "commander": "^2.20.0", "source-map-support": "~0.5.20" }, "bin": { "terser": "bin/terser" } }, "sha512-GWANVlPM/ZfYzuPHjq0nxT+EbOEDDN3Jwhwdg1D8TU8oSkktp8w64Uq4auuGLxFSoNTRDncTq2hQHX1Ld9KHkA=="],

    "topojson-client": ["topojson-client@3.1.0", "", { "dependencies": { "commander": "2" }, "bin": { "topo2geo": "bin/topo2geo", "topomerge": "bin/topomerge", "topoquantize": "bin/topoquantize" } }, "sha512-605uxS6bcYxGXw9qi62XyrV6Q3xwbndjachmNxu8HWTtVPxZfEJN9fd/SZS1Q54Sn2y0TMyMxFj/cJINqGHrKw=="],

    "tslib": ["tslib@2.8.1", "", {}, "sha512-oJFu94HQb+KVduSUQL7wnpmqnfmLsOA/nAh6b6EH0wCEoK0/mPeXU6c3wKDV83MkOuHPRHtSXKKU99IBazS/2w=="],

    "undici-types": ["undici-types@6.20.0", "", {}, "sha512-Ny6QZ2Nju20vw1SRHe3d9jVu6gJ+4e3+MMpqu7pqE5HT6WsTSlce++GQmK5UXS8mzV8DSYHrQH+Xrf2jVcuKNg=="],

    "zimmerframe": ["zimmerframe@1.1.2", "", {}, "sha512-rAbqEGa8ovJy4pyBxZM70hg4pE6gDgaQ0Sl9M3enG3I0d6H4XSAM3GeNGLKnsBpuijUow064sf7ww1nutC5/3w=="],

    "@carbon/charts/@carbon/colors": ["@carbon/colors@11.30.0", "", { "dependencies": { "@ibm/telemetry-js": "^1.5.0" } }, "sha512-DvTOv6yLpSnPVFJdNeW6dqo4KlpbmFBQvEM0HI/PP7WVcox8QEJKyw5SkEo/lK23pVg6xzBOQKIMLrouNAkWoQ=="],

    "@rollup/pluginutils/@types/estree": ["@types/estree@1.0.6", "", {}, "sha512-AYnb1nQyY49te+VRAVgmzfcgjYS91mY5P0TKUDCLEM+gNnA+3T6rWITXRLYCpahpqSQbN5cE+gHpnPyXjHWxcw=="],

    "d3-cloud/d3-dispatch": ["d3-dispatch@1.0.6", "", {}, "sha512-fVjoElzjhCEy+Hbn8KygnmMS7Or0a9sI2UzGwoB7cCtvI1XpVN9GpoYlnb3xt2YV66oXYb1fLJ8GMvP4hdU1RA=="],

    "d3-sankey/d3-array": ["d3-array@2.12.1", "", { "dependencies": { "internmap": "^1.0.0" } }, "sha512-B0ErZK/66mHtEsR1TkPEEkwdy+WDesimkM5gpZr5Dsg54BiTA5RXtYW5qTLIAcekaS9xfZrzBLF/OAkB3Qn1YQ=="],

    "d3-sankey/d3-shape": ["d3-shape@1.3.7", "", { "dependencies": { "d3-path": "1" } }, "sha512-EUkvKjqPFUAZyOlhY5gzCxCeI0Aep04LwIRpsZ/mLFelJiUfnK56jo5JMDSE7yyP2kLSb6LtF+S5chMk7uqPqw=="],

    "is-reference/@types/estree": ["@types/estree@1.0.6", "", {}, "sha512-AYnb1nQyY49te+VRAVgmzfcgjYS91mY5P0TKUDCLEM+gNnA+3T6rWITXRLYCpahpqSQbN5cE+gHpnPyXjHWxcw=="],

    "rollup-plugin-svelte/@rollup/pluginutils": ["@rollup/pluginutils@4.2.1", "", { "dependencies": { "estree-walker": "^2.0.1", "picomatch": "^2.2.2" } }, "sha512-iKnFXr7NkdZAIHiIWE+BX5ULi/ucVFYWD6TbAV+rZctiRTY2PL6tsIKhoIOaoskiWAkgu+VsbXgUVDNLHf+InQ=="],

    "svelte/is-reference": ["is-reference@3.0.3", "", { "dependencies": { "@types/estree": "^1.0.6" } }, "sha512-ixkJoqQvAP88E6wLydLGGqCJsrFUnqoH6HnaczB8XmDH1oaWU+xxdptvikTgaEhtZ53Ky6YXiBuUI2WXLMCwjw=="],

    "terser/commander": ["commander@2.20.3", "", {}, "sha512-GpVkmM8vF2vQUkj2LvZmD35JxeJOLCwJ9cUkugyk2nuhbv3+mJvpLYYt+0+USMxE+oj+ey/lJEnhZw75x/OMcQ=="],

    "topojson-client/commander": ["commander@2.20.3", "", {}, "sha512-GpVkmM8vF2vQUkj2LvZmD35JxeJOLCwJ9cUkugyk2nuhbv3+mJvpLYYt+0+USMxE+oj+ey/lJEnhZw75x/OMcQ=="],

    "d3-sankey/d3-array/internmap": ["internmap@1.0.1", "", {}, "sha512-lDB5YccMydFBtasVtxnZ3MRBHuaoE8GKsppq+EchKL2U4nK/DmEpPHNH8MZe5HkMtpSiTSOZwfN0tzYjO/lJEw=="],

    "d3-sankey/d3-shape/d3-path": ["d3-path@1.0.9", "", {}, "sha512-VLaYcn81dtHVTjEHd8B+pbe9yHWpXKZUC87PzoFmsFrJqgFwDe/qxfp5MlfsfM1V5E/iVt0MmEbWQ7FVIXh/bg=="],

    "rollup-plugin-svelte/@rollup/pluginutils/picomatch": ["picomatch@2.3.1", "", {}, "sha512-JU3teHTNjmE2VCGFzuY8EXzCDVwEqB2a8fsIvwaStHhAWJEeVd1o1QD80CU6+ZdEXXSLbSsuLwJjkCBWqRQUVA=="],

    "svelte/is-reference/@types/estree": ["@types/estree@1.0.6", "", {}, "sha512-AYnb1nQyY49te+VRAVgmzfcgjYS91mY5P0TKUDCLEM+gNnA+3T6rWITXRLYCpahpqSQbN5cE+gHpnPyXjHWxcw=="],
  }
}
