# THIS IS AN AUTOGENERATED FILE. DO NOT EDIT THIS FILE DIRECTLY.
# yarn lockfile v1


"@carbon/charts-svelte@^0.58.1":
  version "0.58.1"
  resolved "https://registry.yarnpkg.com/@carbon/charts-svelte/-/charts-svelte-0.58.1.tgz#8e268b3eafe7ced39551cb1ba6992217df42a615"
  integrity sha512-d+8dvM/gnex+yfvTviKoaoIkk936FjudKYSXg717qwuuqTzEGLYTRfbLcg4BZUAp+RTwGGxWeu7ynLkbDZkkvw==
  dependencies:
    "@carbon/charts" "^0.58.1"
    "@carbon/telemetry" "0.1.0"

"@carbon/charts@^0.58.1":
  version "0.58.1"
  resolved "https://registry.yarnpkg.com/@carbon/charts/-/charts-0.58.1.tgz#ab4cd2a1245ac60c99c9b9accb9b8bff4934d1ea"
  integrity sha512-6psehQABu/487Fg/EHFid2TVLKMqxIUfGiYFu9vqSg+wiIXRkPBqpxEisPOYEPo3haVdWzBF3IJ5IbJsnQpX4A==
  dependencies:
    "@carbon/colors" "10.29.0"
    "@carbon/telemetry" "0.1.0"
    "@carbon/utils-position" "1.1.1"
    carbon-components "10.56.0"
    d3-cloud "1.2.5"
    d3-sankey "0.12.3"
    date-fns "2.8.1"
    dom-to-image "2.6.0"
    lodash-es "4.17.21"
    resize-observer-polyfill "1.5.0"

"@carbon/colors@10.29.0":
  version "10.29.0"
  resolved "https://registry.yarnpkg.com/@carbon/colors/-/colors-10.29.0.tgz#92b1f8822a0ca07d23daba12d360f90debcc3d26"
  integrity sha512-Ga20vVFGrhEgALIVZoWbcooWOVnx7Ox8GbRWlZDEAe6JUbz6ynDKiq3td7GtFVk0ELRCIV8gVu3F/PfssyhwQA==

"@carbon/telemetry@0.1.0":
  version "0.1.0"
  resolved "https://registry.yarnpkg.com/@carbon/telemetry/-/telemetry-0.1.0.tgz#57b331cd5a855b4abbf55457456da8211624d879"
  integrity sha512-kNWt0bkgPwGW0i5h7HFuljbKRXPvIhsKbB+1tEURAYLXoJg9iJLF1eGvWN5iVoFCS2zje4GR3OGOsvvKVe7Hlg==

"@carbon/utils-position@1.1.1":
  version "1.1.1"
  resolved "https://registry.yarnpkg.com/@carbon/utils-position/-/utils-position-1.1.1.tgz#bea463b833608902ea37ac30bec36e3c0a3b547f"
  integrity sha512-W8ykraEzr9WsH8+6+FgI6lmK4elFxH8Uy9+XDbDTvyVbF6fq5jgi4dPCDd1AoCtUBCcLAehInhReDaFM3DrM6w==

"@rollup/pluginutils@^4.2.1":
  version "4.2.1"
  resolved "https://registry.yarnpkg.com/@rollup/pluginutils/-/pluginutils-4.2.1.tgz#e6c6c3aba0744edce3fb2074922d3776c0af2a6d"
  integrity sha512-iKnFXr7NkdZAIHiIWE+BX5ULi/ucVFYWD6TbAV+rZctiRTY2PL6tsIKhoIOaoskiWAkgu+VsbXgUVDNLHf+InQ==
  dependencies:
    estree-walker "^2.0.1"
    picomatch "^2.2.2"

"@sveltejs/adapter-node@1.0.0-next.76":
  version "1.0.0-next.76"
  resolved "https://registry.yarnpkg.com/@sveltejs/adapter-node/-/adapter-node-1.0.0-next.76.tgz#8430ce47f8f634a0d86df9e03f11d460eda34b88"
  integrity sha512-SpzjYCLwCNMI7GscsaJMX5i9nOp+OoGzUCPSBs9gln9ffjO/ICLNpyea9Yfp0CkHRfufrMzMYa3wt2lqm4o9kA==
  dependencies:
    tiny-glob "^0.2.9"

"@sveltejs/kit@1.0.0-next.344":
  version "1.0.0-next.344"
  resolved "https://registry.yarnpkg.com/@sveltejs/kit/-/kit-1.0.0-next.344.tgz#64936ac7c9616e3f2079bfd15a79819ba257da9d"
  integrity sha512-IKFyB/ErD1E6/Gl/AKA2EvOPmu6jdHDIoDYStL0PP12ZASOKTPNfSgusPHMNOTV+qyJKwo8JdOTWwLuFmZLq8A==
  dependencies:
    "@sveltejs/vite-plugin-svelte" "^1.0.0-next.44"
    chokidar "^3.5.3"
    sade "^1.7.4"
    vite "^2.9.9"

"@sveltejs/vite-plugin-svelte@^1.0.0-next.44":
  version "1.0.0-next.44"
  resolved "https://registry.yarnpkg.com/@sveltejs/vite-plugin-svelte/-/vite-plugin-svelte-1.0.0-next.44.tgz#619a16a2f352452e4a45ebcef34d54616a31596c"
  integrity sha512-n+sssEWbzykPS447FmnNyU5GxEhrBPDVd0lxNZnxRGz9P6651LjjwAnISKr3CKgT9v8IybP8VD0n2i5XzbqExg==
  dependencies:
    "@rollup/pluginutils" "^4.2.1"
    debug "^4.3.4"
    deepmerge "^4.2.2"
    kleur "^4.1.4"
    magic-string "^0.26.1"
    svelte-hmr "^0.14.11"

anymatch@~3.1.2:
  version "3.1.2"
  resolved "https://registry.yarnpkg.com/anymatch/-/anymatch-3.1.2.tgz#c0557c096af32f106198f4f4e2a383537e378716"
  integrity sha512-P43ePfOAIupkguHUycrc4qJ9kz8ZiuOUijaETwX7THt0Y/GNK7v0aa8rY816xWjZ7rJdA5XdMcpVFTKMq+RvWg==
  dependencies:
    normalize-path "^3.0.0"
    picomatch "^2.0.4"

binary-extensions@^2.0.0:
  version "2.2.0"
  resolved "https://registry.yarnpkg.com/binary-extensions/-/binary-extensions-2.2.0.tgz#75f502eeaf9ffde42fc98829645be4ea76bd9e2d"
  integrity sha512-jDctJ/IVQbZoJykoeHbhXpOlNBqGNcwXJKJog42E5HDPUwQTSdjCHdihjj0DlnheQ7blbT6dHOafNAiS8ooQKA==

braces@~3.0.2:
  version "3.0.2"
  resolved "https://registry.yarnpkg.com/braces/-/braces-3.0.2.tgz#3454e1a462ee8d599e236df336cd9ea4f8afe107"
  integrity sha512-b8um+L1RzM3WDSzvhm6gIz1yfTbBt6YTlcEKAvsmqCZZFw46z626lVj9j1yEPW33H5H+lBQpZMP1k8l+78Ha0A==
  dependencies:
    fill-range "^7.0.1"

carbon-components@10.56.0:
  version "10.56.0"
  resolved "https://registry.yarnpkg.com/carbon-components/-/carbon-components-10.56.0.tgz#bb5890f00f81cebcddfa2dbae4794477deb539f4"
  integrity sha512-GPLqHiu2SWvMxcQOi/CcgA/XA3aX/5HiEPSQjLwzjKAJsnkpzq043Jf7QwgLOVbTBzGSjFbFkJnE2lc73I2WBw==
  dependencies:
    "@carbon/telemetry" "0.1.0"
    flatpickr "4.6.1"
    lodash.debounce "^4.0.8"
    warning "^3.0.0"

chokidar@^3.5.3:
  version "3.5.3"
  resolved "https://registry.yarnpkg.com/chokidar/-/chokidar-3.5.3.tgz#1cf37c8707b932bd1af1ae22c0432e2acd1903bd"
  integrity sha512-Dr3sfKRP6oTcjf2JmUmFJfeVMvXBdegxB0iVQ5eb2V10uFJUCAS8OByZdVAyVb8xXNz3GjjTgj9kLWsZTqE6kw==
  dependencies:
    anymatch "~3.1.2"
    braces "~3.0.2"
    glob-parent "~5.1.2"
    is-binary-path "~2.1.0"
    is-glob "~4.0.1"
    normalize-path "~3.0.0"
    readdirp "~3.6.0"
  optionalDependencies:
    fsevents "~2.3.2"

commander@7:
  version "7.2.0"
  resolved "https://registry.yarnpkg.com/commander/-/commander-7.2.0.tgz#a36cb57d0b501ce108e4d20559a150a391d97ab7"
  integrity sha512-QrWXB+ZQSVPmIWIhtEO9H+gwHaMGYiF5ChvoJ+K9ZGHG/sVsa6yiesAD1GC/x46sET00Xlwo1u49RVVVzvcSkw==

"d3-array@1 - 2":
  version "2.12.1"
  resolved "https://registry.yarnpkg.com/d3-array/-/d3-array-2.12.1.tgz#e20b41aafcdffdf5d50928004ececf815a465e81"
  integrity sha512-B0ErZK/66mHtEsR1TkPEEkwdy+WDesimkM5gpZr5Dsg54BiTA5RXtYW5qTLIAcekaS9xfZrzBLF/OAkB3Qn1YQ==
  dependencies:
    internmap "^1.0.0"

"d3-array@2 - 3", "d3-array@2.10.0 - 3", "d3-array@2.5.0 - 3", d3-array@3:
  version "3.1.1"
  resolved "https://registry.yarnpkg.com/d3-array/-/d3-array-3.1.1.tgz#7797eb53ead6b9083c75a45a681e93fc41bc468c"
  integrity sha512-33qQ+ZoZlli19IFiQx4QEpf2CBEayMRzhlisJHSCsSUbDXv6ZishqS1x7uFVClKG4Wr7rZVHvaAttoLow6GqdQ==
  dependencies:
    internmap "1 - 2"

d3-axis@3:
  version "3.0.0"
  resolved "https://registry.yarnpkg.com/d3-axis/-/d3-axis-3.0.0.tgz#c42a4a13e8131d637b745fc2973824cfeaf93322"
  integrity sha512-IH5tgjV4jE/GhHkRV0HiVYPDtvfjHQlQfJHs0usq7M30XcSBvOotpmH1IgkcXsO/5gEQZD43B//fc7SRT5S+xw==

d3-brush@3:
  version "3.0.0"
  resolved "https://registry.yarnpkg.com/d3-brush/-/d3-brush-3.0.0.tgz#6f767c4ed8dcb79de7ede3e1c0f89e63ef64d31c"
  integrity sha512-ALnjWlVYkXsVIGlOsuWH1+3udkYFI48Ljihfnh8FZPF2QS9o+PzGLBslO0PjzVoHLZ2KCVgAM8NVkXPJB2aNnQ==
  dependencies:
    d3-dispatch "1 - 3"
    d3-drag "2 - 3"
    d3-interpolate "1 - 3"
    d3-selection "3"
    d3-transition "3"

d3-chord@3:
  version "3.0.1"
  resolved "https://registry.yarnpkg.com/d3-chord/-/d3-chord-3.0.1.tgz#d156d61f485fce8327e6abf339cb41d8cbba6966"
  integrity sha512-VE5S6TNa+j8msksl7HwjxMHDM2yNK3XCkusIlpX5kwauBfXuyLAtNg9jCp/iHH61tgI4sb6R/EIMWCqEIdjT/g==
  dependencies:
    d3-path "1 - 3"

d3-cloud@1.2.5:
  version "1.2.5"
  resolved "https://registry.yarnpkg.com/d3-cloud/-/d3-cloud-1.2.5.tgz#3e91564f2d27fba47fcc7d812eb5081ea24c603d"
  integrity sha512-4s2hXZgvs0CoUIw31oBAGrHt9Kt/7P9Ik5HIVzISFiWkD0Ga2VLAuO/emO/z1tYIpE7KG2smB4PhMPfFMJpahw==
  dependencies:
    d3-dispatch "^1.0.3"

"d3-color@1 - 3", d3-color@3:
  version "3.0.1"
  resolved "https://registry.yarnpkg.com/d3-color/-/d3-color-3.0.1.tgz#03316e595955d1fcd39d9f3610ad41bb90194d0a"
  integrity sha512-6/SlHkDOBLyQSJ1j1Ghs82OIUXpKWlR0hCsw0XrLSQhuUPuCSmLQ1QPH98vpnQxMUQM2/gfAkUEWsupVpd9JGw==

d3-contour@3:
  version "3.0.1"
  resolved "https://registry.yarnpkg.com/d3-contour/-/d3-contour-3.0.1.tgz#2c64255d43059599cd0dba8fe4cc3d51ccdd9bbd"
  integrity sha512-0Oc4D0KyhwhM7ZL0RMnfGycLN7hxHB8CMmwZ3+H26PWAG0ozNuYG5hXSDNgmP1SgJkQMrlG6cP20HoaSbvcJTQ==
  dependencies:
    d3-array "2 - 3"

d3-delaunay@6:
  version "6.0.2"
  resolved "https://registry.yarnpkg.com/d3-delaunay/-/d3-delaunay-6.0.2.tgz#7fd3717ad0eade2fc9939f4260acfb503f984e92"
  integrity sha512-IMLNldruDQScrcfT+MWnazhHbDJhcRJyOEBAJfwQnHle1RPh6WDuLvxNArUju2VSMSUuKlY5BGHRJ2cYyoFLQQ==
  dependencies:
    delaunator "5"

"d3-dispatch@1 - 3", d3-dispatch@3:
  version "3.0.1"
  resolved "https://registry.yarnpkg.com/d3-dispatch/-/d3-dispatch-3.0.1.tgz#5fc75284e9c2375c36c839411a0cf550cbfc4d5e"
  integrity sha512-rzUyPU/S7rwUflMyLc1ETDeBj0NRuHKKAcvukozwhshr6g6c5d8zh4c2gQjY2bZ0dXeGLWc1PF174P2tVvKhfg==

d3-dispatch@^1.0.3:
  version "1.0.6"
  resolved "https://registry.yarnpkg.com/d3-dispatch/-/d3-dispatch-1.0.6.tgz#00d37bcee4dd8cd97729dd893a0ac29caaba5d58"
  integrity sha512-fVjoElzjhCEy+Hbn8KygnmMS7Or0a9sI2UzGwoB7cCtvI1XpVN9GpoYlnb3xt2YV66oXYb1fLJ8GMvP4hdU1RA==

"d3-drag@2 - 3", d3-drag@3:
  version "3.0.0"
  resolved "https://registry.yarnpkg.com/d3-drag/-/d3-drag-3.0.0.tgz#994aae9cd23c719f53b5e10e3a0a6108c69607ba"
  integrity sha512-pWbUJLdETVA8lQNJecMxoXfH6x+mO2UQo8rSmZ+QqxcbyA3hfeprFgIT//HW2nlHChWeIIMwS2Fq+gEARkhTkg==
  dependencies:
    d3-dispatch "1 - 3"
    d3-selection "3"

"d3-dsv@1 - 3", d3-dsv@3:
  version "3.0.1"
  resolved "https://registry.yarnpkg.com/d3-dsv/-/d3-dsv-3.0.1.tgz#c63af978f4d6a0d084a52a673922be2160789b73"
  integrity sha512-UG6OvdI5afDIFP9w4G0mNq50dSOsXHJaRE8arAS5o9ApWnIElp8GZw1Dun8vP8OyHOZ/QJUKUJwxiiCCnUwm+Q==
  dependencies:
    commander "7"
    iconv-lite "0.6"
    rw "1"

"d3-ease@1 - 3", d3-ease@3:
  version "3.0.1"
  resolved "https://registry.yarnpkg.com/d3-ease/-/d3-ease-3.0.1.tgz#9658ac38a2140d59d346160f1f6c30fda0bd12f4"
  integrity sha512-wR/XK3D3XcLIZwpbvQwQ5fK+8Ykds1ip7A2Txe0yxncXSdq1L9skcG7blcedkOX+ZcgxGAmLX1FrRGbADwzi0w==

d3-fetch@3:
  version "3.0.1"
  resolved "https://registry.yarnpkg.com/d3-fetch/-/d3-fetch-3.0.1.tgz#83141bff9856a0edb5e38de89cdcfe63d0a60a22"
  integrity sha512-kpkQIM20n3oLVBKGg6oHrUchHM3xODkTzjMoj7aWQFq5QEM+R6E4WkzT5+tojDY7yjez8KgCBRoj4aEr99Fdqw==
  dependencies:
    d3-dsv "1 - 3"

d3-force@3:
  version "3.0.0"
  resolved "https://registry.yarnpkg.com/d3-force/-/d3-force-3.0.0.tgz#3e2ba1a61e70888fe3d9194e30d6d14eece155c4"
  integrity sha512-zxV/SsA+U4yte8051P4ECydjD/S+qeYtnaIyAs9tgHCqfguma/aAQDjo85A9Z6EKhBirHRJHXIgJUlffT4wdLg==
  dependencies:
    d3-dispatch "1 - 3"
    d3-quadtree "1 - 3"
    d3-timer "1 - 3"

"d3-format@1 - 3", d3-format@3:
  version "3.1.0"
  resolved "https://registry.yarnpkg.com/d3-format/-/d3-format-3.1.0.tgz#9260e23a28ea5cb109e93b21a06e24e2ebd55641"
  integrity sha512-YyUI6AEuY/Wpt8KWLgZHsIU86atmikuoOmCfommt0LYHiQSPjvX2AcFc38PX0CBpr2RCyZhjex+NS/LPOv6YqA==

d3-geo@3:
  version "3.0.1"
  resolved "https://registry.yarnpkg.com/d3-geo/-/d3-geo-3.0.1.tgz#4f92362fd8685d93e3b1fae0fd97dc8980b1ed7e"
  integrity sha512-Wt23xBych5tSy9IYAM1FR2rWIBFWa52B/oF/GYe5zbdHrg08FU8+BuI6X4PvTwPDdqdAdq04fuWJpELtsaEjeA==
  dependencies:
    d3-array "2.5.0 - 3"

d3-hierarchy@3:
  version "3.1.1"
  resolved "https://registry.yarnpkg.com/d3-hierarchy/-/d3-hierarchy-3.1.1.tgz#9cbb0ffd2375137a351e6cfeed344a06d4ff4597"
  integrity sha512-LtAIu54UctRmhGKllleflmHalttH3zkfSi4NlKrTAoFKjC+AFBJohsCAdgCBYQwH0F8hIOGY89X1pPqAchlMkA==

"d3-interpolate@1 - 3", "d3-interpolate@1.2.0 - 3", d3-interpolate@3:
  version "3.0.1"
  resolved "https://registry.yarnpkg.com/d3-interpolate/-/d3-interpolate-3.0.1.tgz#3c47aa5b32c5b3dfb56ef3fd4342078a632b400d"
  integrity sha512-3bYs1rOD33uo8aqJfKP3JWPAibgw8Zm2+L9vBKEHJ2Rg+viTR7o5Mmv5mZcieN+FRYaAOWX5SJATX6k1PWz72g==
  dependencies:
    d3-color "1 - 3"

d3-path@1:
  version "1.0.9"
  resolved "https://registry.yarnpkg.com/d3-path/-/d3-path-1.0.9.tgz#48c050bb1fe8c262493a8caf5524e3e9591701cf"
  integrity sha512-VLaYcn81dtHVTjEHd8B+pbe9yHWpXKZUC87PzoFmsFrJqgFwDe/qxfp5MlfsfM1V5E/iVt0MmEbWQ7FVIXh/bg==

"d3-path@1 - 3", d3-path@3:
  version "3.0.1"
  resolved "https://registry.yarnpkg.com/d3-path/-/d3-path-3.0.1.tgz#f09dec0aaffd770b7995f1a399152bf93052321e"
  integrity sha512-gq6gZom9AFZby0YLduxT1qmrp4xpBA1YZr19OI717WIdKE2OM5ETq5qrHLb301IgxhLwcuxvGZVLeeWc/k1I6w==

d3-polygon@3:
  version "3.0.1"
  resolved "https://registry.yarnpkg.com/d3-polygon/-/d3-polygon-3.0.1.tgz#0b45d3dd1c48a29c8e057e6135693ec80bf16398"
  integrity sha512-3vbA7vXYwfe1SYhED++fPUQlWSYTTGmFmQiany/gdbiWgU/iEyQzyymwL9SkJjFFuCS4902BSzewVGsHHmHtXg==

"d3-quadtree@1 - 3", d3-quadtree@3:
  version "3.0.1"
  resolved "https://registry.yarnpkg.com/d3-quadtree/-/d3-quadtree-3.0.1.tgz#6dca3e8be2b393c9a9d514dabbd80a92deef1a4f"
  integrity sha512-04xDrxQTDTCFwP5H6hRhsRcb9xxv2RzkcsygFzmkSIOJy3PeRJP7sNk3VRIbKXcog561P9oU0/rVH6vDROAgUw==

d3-random@3:
  version "3.0.1"
  resolved "https://registry.yarnpkg.com/d3-random/-/d3-random-3.0.1.tgz#d4926378d333d9c0bfd1e6fa0194d30aebaa20f4"
  integrity sha512-FXMe9GfxTxqd5D6jFsQ+DJ8BJS4E/fT5mqqdjovykEB2oFbTMDVdg1MGFxfQW+FBOGoB++k8swBrgwSHT1cUXQ==

d3-sankey@0.12.3:
  version "0.12.3"
  resolved "https://registry.yarnpkg.com/d3-sankey/-/d3-sankey-0.12.3.tgz#b3c268627bd72e5d80336e8de6acbfec9d15d01d"
  integrity sha512-nQhsBRmM19Ax5xEIPLMY9ZmJ/cDvd1BG3UVvt5h3WRxKg5zGRbvnteTyWAbzeSvlh3tW7ZEmq4VwR5mB3tutmQ==
  dependencies:
    d3-array "1 - 2"
    d3-shape "^1.2.0"

d3-scale-chromatic@3:
  version "3.0.0"
  resolved "https://registry.yarnpkg.com/d3-scale-chromatic/-/d3-scale-chromatic-3.0.0.tgz#15b4ceb8ca2bb0dcb6d1a641ee03d59c3b62376a"
  integrity sha512-Lx9thtxAKrO2Pq6OO2Ua474opeziKr279P/TKZsMAhYyNDD3EnCffdbgeSYN5O7m2ByQsxtuP2CSDczNUIZ22g==
  dependencies:
    d3-color "1 - 3"
    d3-interpolate "1 - 3"

d3-scale@4:
  version "4.0.2"
  resolved "https://registry.yarnpkg.com/d3-scale/-/d3-scale-4.0.2.tgz#82b38e8e8ff7080764f8dcec77bd4be393689396"
  integrity sha512-GZW464g1SH7ag3Y7hXjf8RoUuAFIqklOAq3MRl4OaWabTFJY9PN/E1YklhXLh+OQ3fM9yS2nOkCoS+WLZ6kvxQ==
  dependencies:
    d3-array "2.10.0 - 3"
    d3-format "1 - 3"
    d3-interpolate "1.2.0 - 3"
    d3-time "2.1.1 - 3"
    d3-time-format "2 - 4"

"d3-selection@2 - 3", d3-selection@3:
  version "3.0.0"
  resolved "https://registry.yarnpkg.com/d3-selection/-/d3-selection-3.0.0.tgz#c25338207efa72cc5b9bd1458a1a41901f1e1b31"
  integrity sha512-fmTRWbNMmsmWq6xJV8D19U/gw/bwrHfNXxrIN+HfZgnzqTHp9jOmKMhsTUjXOJnZOdZY9Q28y4yebKzqDKlxlQ==

d3-shape@3:
  version "3.1.0"
  resolved "https://registry.yarnpkg.com/d3-shape/-/d3-shape-3.1.0.tgz#c8a495652d83ea6f524e482fca57aa3f8bc32556"
  integrity sha512-tGDh1Muf8kWjEDT/LswZJ8WF85yDZLvVJpYU9Nq+8+yW1Z5enxrmXOhTArlkaElU+CTn0OTVNli+/i+HP45QEQ==
  dependencies:
    d3-path "1 - 3"

d3-shape@^1.2.0:
  version "1.3.7"
  resolved "https://registry.yarnpkg.com/d3-shape/-/d3-shape-1.3.7.tgz#df63801be07bc986bc54f63789b4fe502992b5d7"
  integrity sha512-EUkvKjqPFUAZyOlhY5gzCxCeI0Aep04LwIRpsZ/mLFelJiUfnK56jo5JMDSE7yyP2kLSb6LtF+S5chMk7uqPqw==
  dependencies:
    d3-path "1"

"d3-time-format@2 - 4", d3-time-format@4:
  version "4.1.0"
  resolved "https://registry.yarnpkg.com/d3-time-format/-/d3-time-format-4.1.0.tgz#7ab5257a5041d11ecb4fe70a5c7d16a195bb408a"
  integrity sha512-dJxPBlzC7NugB2PDLwo9Q8JiTR3M3e4/XANkreKSUxF8vvXKqm1Yfq4Q5dl8budlunRVlUUaDUgFt7eA8D6NLg==
  dependencies:
    d3-time "1 - 3"

"d3-time@1 - 3", "d3-time@2.1.1 - 3", d3-time@3:
  version "3.0.0"
  resolved "https://registry.yarnpkg.com/d3-time/-/d3-time-3.0.0.tgz#65972cb98ae2d4954ef5c932e8704061335d4975"
  integrity sha512-zmV3lRnlaLI08y9IMRXSDshQb5Nj77smnfpnd2LrBa/2K281Jijactokeak14QacHs/kKq0AQ121nidNYlarbQ==
  dependencies:
    d3-array "2 - 3"

"d3-timer@1 - 3", d3-timer@3:
  version "3.0.1"
  resolved "https://registry.yarnpkg.com/d3-timer/-/d3-timer-3.0.1.tgz#6284d2a2708285b1abb7e201eda4380af35e63b0"
  integrity sha512-ndfJ/JxxMd3nw31uyKoY2naivF+r29V+Lc0svZxe1JvvIRmi8hUsrMvdOwgS1o6uBHmiz91geQ0ylPP0aj1VUA==

"d3-transition@2 - 3", d3-transition@3:
  version "3.0.1"
  resolved "https://registry.yarnpkg.com/d3-transition/-/d3-transition-3.0.1.tgz#6869fdde1448868077fdd5989200cb61b2a1645f"
  integrity sha512-ApKvfjsSR6tg06xrL434C0WydLr7JewBB3V+/39RMHsaXTOG0zmt/OAXeng5M5LBm0ojmxJrpomQVZ1aPvBL4w==
  dependencies:
    d3-color "1 - 3"
    d3-dispatch "1 - 3"
    d3-ease "1 - 3"
    d3-interpolate "1 - 3"
    d3-timer "1 - 3"

d3-zoom@3:
  version "3.0.0"
  resolved "https://registry.yarnpkg.com/d3-zoom/-/d3-zoom-3.0.0.tgz#d13f4165c73217ffeaa54295cd6969b3e7aee8f3"
  integrity sha512-b8AmV3kfQaqWAuacbPuNbL6vahnOJflOhexLzMMNLga62+/nh0JzvJ0aO/5a5MVgUFGS7Hu1P9P03o3fJkDCyw==
  dependencies:
    d3-dispatch "1 - 3"
    d3-drag "2 - 3"
    d3-interpolate "1 - 3"
    d3-selection "2 - 3"
    d3-transition "2 - 3"

d3@7.4.4:
  version "7.4.4"
  resolved "https://registry.yarnpkg.com/d3/-/d3-7.4.4.tgz#bfbf87487c37d3196efebd5a63e3a0ed8299d8ff"
  integrity sha512-97FE+MYdAlV3R9P74+R3Uar7wUKkIFu89UWMjEaDhiJ9VxKvqaMxauImy8PC2DdBkdM2BxJOIoLxPrcZUyrKoQ==
  dependencies:
    d3-array "3"
    d3-axis "3"
    d3-brush "3"
    d3-chord "3"
    d3-color "3"
    d3-contour "3"
    d3-delaunay "6"
    d3-dispatch "3"
    d3-drag "3"
    d3-dsv "3"
    d3-ease "3"
    d3-fetch "3"
    d3-force "3"
    d3-format "3"
    d3-geo "3"
    d3-hierarchy "3"
    d3-interpolate "3"
    d3-path "3"
    d3-polygon "3"
    d3-quadtree "3"
    d3-random "3"
    d3-scale "4"
    d3-scale-chromatic "3"
    d3-selection "3"
    d3-shape "3"
    d3-time "3"
    d3-time-format "4"
    d3-timer "3"
    d3-transition "3"
    d3-zoom "3"

date-fns@2.8.1:
  version "2.8.1"
  resolved "https://registry.yarnpkg.com/date-fns/-/date-fns-2.8.1.tgz#2109362ccb6c87c3ca011e9e31f702bc09e4123b"
  integrity sha512-EL/C8IHvYRwAHYgFRse4MGAPSqlJVlOrhVYZ75iQBKrnv+ZedmYsgwH3t+BCDuZDXpoo07+q9j4qgSSOa7irJg==

debug@^4.3.4:
  version "4.3.4"
  resolved "https://registry.yarnpkg.com/debug/-/debug-4.3.4.tgz#1319f6579357f2338d3337d2cdd4914bb5dcc865"
  integrity sha512-PRWFHuSU3eDtQJPvnNY7Jcket1j0t5OuOsFzPPzsekD52Zl8qUfFIPEiswXqIvHWGVHOgX+7G/vCNNhehwxfkQ==
  dependencies:
    ms "2.1.2"

deepmerge@^4.2.2:
  version "4.2.2"
  resolved "https://registry.yarnpkg.com/deepmerge/-/deepmerge-4.2.2.tgz#44d2ea3679b8f4d4ffba33f03d865fc1e7bf4955"
  integrity sha512-FJ3UgI4gIl+PHZm53knsuSFpE+nESMr7M4v9QcgB7S63Kj/6WqMiFQJpBBYz1Pt+66bZpP3Q7Lye0Oo9MPKEdg==

delaunator@5:
  version "5.0.0"
  resolved "https://registry.yarnpkg.com/delaunator/-/delaunator-5.0.0.tgz#60f052b28bd91c9b4566850ebf7756efe821d81b"
  integrity sha512-AyLvtyJdbv/U1GkiS6gUUzclRoAY4Gs75qkMygJJhU75LW4DNuSF2RMzpxs9jw9Oz1BobHjTdkG3zdP55VxAqw==
  dependencies:
    robust-predicates "^3.0.0"

dom-to-image@2.6.0:
  version "2.6.0"
  resolved "https://registry.yarnpkg.com/dom-to-image/-/dom-to-image-2.6.0.tgz#8a503608088c87b1c22f9034ae032e1898955867"
  integrity sha1-ilA2CAiMh7HCL5A0rgMuGJiVWGc=

esbuild-android-64@0.14.34:
  version "0.14.34"
  resolved "https://registry.yarnpkg.com/esbuild-android-64/-/esbuild-android-64-0.14.34.tgz#46bc4327dd0809937912346244eaffdb9bfc980d"
  integrity sha512-XfxcfJqmMYsT/LXqrptzFxmaR3GWzXHDLdFNIhm6S00zPaQF1TBBWm+9t0RZ6LRR7iwH57DPjaOeW20vMqI4Yw==

esbuild-android-arm64@0.14.34:
  version "0.14.34"
  resolved "https://registry.yarnpkg.com/esbuild-android-arm64/-/esbuild-android-arm64-0.14.34.tgz#a3f7e1ad84b8a7dcb39b5e132768b56ee7133656"
  integrity sha512-T02+NXTmSRL1Mc6puz+R9CB54rSPICkXKq6+tw8B6vxZFnCPzbJxgwIX4kcluz9p8nYBjF3+lSilTGWb7+Xgew==

esbuild-darwin-64@0.14.34:
  version "0.14.34"
  resolved "https://registry.yarnpkg.com/esbuild-darwin-64/-/esbuild-darwin-64-0.14.34.tgz#a0e4ab7a0cddf76761f1fb5d6bf552a376beb16e"
  integrity sha512-pLRip2Bh4Ng7Bf6AMgCrSp3pPe/qZyf11h5Qo2mOfJqLWzSVjxrXW+CFRJfrOVP7TCnh/gmZSM2AFdCPB72vtw==

esbuild-darwin-arm64@0.14.34:
  version "0.14.34"
  resolved "https://registry.yarnpkg.com/esbuild-darwin-arm64/-/esbuild-darwin-arm64-0.14.34.tgz#54c35461f82f83a7f5169d9a6a54201798977b07"
  integrity sha512-vpidSJEBxx6lf1NWgXC+DCmGqesJuZ5Y8aQVVsaoO4i8tRXbXb0whChRvop/zd3nfNM4dIl5EXAky0knRX5I6w==

esbuild-freebsd-64@0.14.34:
  version "0.14.34"
  resolved "https://registry.yarnpkg.com/esbuild-freebsd-64/-/esbuild-freebsd-64-0.14.34.tgz#aebb50248f5874d04ffeab2db8ee1ed6037e2654"
  integrity sha512-m0HBjePhe0hAQJgtMRMNV9kMgIyV4/qSnzPx42kRMQBcPhgjAq1JRu4Il26czC+9FgpMbFkUktb07f/Lwnc6CA==

esbuild-freebsd-arm64@0.14.34:
  version "0.14.34"
  resolved "https://registry.yarnpkg.com/esbuild-freebsd-arm64/-/esbuild-freebsd-arm64-0.14.34.tgz#09bef288e29f18b38b0c70a9827b6ee718e36c7f"
  integrity sha512-cpRc2B94L1KvMPPYB4D6G39jLqpKlD3noAMY4/e86iXXXkhUYJJEtTuyNFTa9JRpWM0xCAp4mxjHjoIiLuoCLA==

esbuild-linux-32@0.14.34:
  version "0.14.34"
  resolved "https://registry.yarnpkg.com/esbuild-linux-32/-/esbuild-linux-32-0.14.34.tgz#67790061758e008e919e65bbc34549f55dadaca7"
  integrity sha512-8nQaEaoW7MH/K/RlozJa+lE1ejHIr8fuPIHhc513UebRav7HtXgQvxHQ6VZRUkWtep23M6dd7UqhwO1tMOfzQQ==

esbuild-linux-64@0.14.34:
  version "0.14.34"
  resolved "https://registry.yarnpkg.com/esbuild-linux-64/-/esbuild-linux-64-0.14.34.tgz#b9b19d4ac07e37495dd2508ec843418aa71c98d6"
  integrity sha512-Y3of4qQoLLlAgf042MlrY1P+7PnN9zWj8nVtw9XQG5hcLOZLz7IKpU35oeu7n4wvyaZHwvQqDJ93gRLqdJekcQ==

esbuild-linux-arm64@0.14.34:
  version "0.14.34"
  resolved "https://registry.yarnpkg.com/esbuild-linux-arm64/-/esbuild-linux-arm64-0.14.34.tgz#fd84b11a6ccfe9e83e00d0c45890e9fb3a7248c1"
  integrity sha512-IlWaGtj9ir7+Nrume1DGcyzBDlK8GcnJq0ANKwcI9pVw8tqr+6GD0eqyF9SF1mR8UmAp+odrx1H5NdR2cHdFHA==

esbuild-linux-arm@0.14.34:
  version "0.14.34"
  resolved "https://registry.yarnpkg.com/esbuild-linux-arm/-/esbuild-linux-arm-0.14.34.tgz#c89d4714b05265a315a97c8933508cc73950e683"
  integrity sha512-9lpq1NcJqssAF7alCO6zL3gvBVVt/lKw4oetUM7OgNnRX0OWpB+ZIO9FwCrSj/dMdmgDhPLf+119zB8QxSMmAg==

esbuild-linux-mips64le@0.14.34:
  version "0.14.34"
  resolved "https://registry.yarnpkg.com/esbuild-linux-mips64le/-/esbuild-linux-mips64le-0.14.34.tgz#d60752c3fb1260dd0737532af2de2a9521656456"
  integrity sha512-k3or+01Rska1AjUyNjA4buEwB51eyN/xPQAoOx1CjzAQC3l8rpjUDw55kXyL63O/1MUi4ISvtNtl8gLwdyEcxw==

esbuild-linux-ppc64le@0.14.34:
  version "0.14.34"
  resolved "https://registry.yarnpkg.com/esbuild-linux-ppc64le/-/esbuild-linux-ppc64le-0.14.34.tgz#f4c6229269956564f0c6f9825f5e717c2cfc22b3"
  integrity sha512-+qxb8M9FfM2CJaVU7GgYpJOHM1ngQOx+/VrtBjb4C8oVqaPcESCeg2anjl+HRZy8VpYc71q/iBYausPPbJ+Keg==

esbuild-linux-riscv64@0.14.34:
  version "0.14.34"
  resolved "https://registry.yarnpkg.com/esbuild-linux-riscv64/-/esbuild-linux-riscv64-0.14.34.tgz#549bd18a9eba3135b67f7b742730b5343a1be35d"
  integrity sha512-Y717ltBdQ5j5sZIHdy1DV9kieo0wMip0dCmVSTceowCPYSn1Cg33Kd6981+F/3b9FDMzNWldZFOBRILViENZSA==

esbuild-linux-s390x@0.14.34:
  version "0.14.34"
  resolved "https://registry.yarnpkg.com/esbuild-linux-s390x/-/esbuild-linux-s390x-0.14.34.tgz#2a6b577c437f94c2b37623c755ff5215a05c12bc"
  integrity sha512-bDDgYO4LhL4+zPs+WcBkXph+AQoPcQRTv18FzZS0WhjfH8TZx2QqlVPGhmhZ6WidrY+jKthUqO6UhGyIb4MpmA==

esbuild-netbsd-64@0.14.34:
  version "0.14.34"
  resolved "https://registry.yarnpkg.com/esbuild-netbsd-64/-/esbuild-netbsd-64-0.14.34.tgz#7f0b73229157975eb35597207723df52ba21722a"
  integrity sha512-cfaFGXdRt0+vHsjNPyF0POM4BVSHPSbhLPe8mppDc7GDDxjIl08mV1Zou14oDWMp/XZMjYN1kWYRSfftiD0vvQ==

esbuild-openbsd-64@0.14.34:
  version "0.14.34"
  resolved "https://registry.yarnpkg.com/esbuild-openbsd-64/-/esbuild-openbsd-64-0.14.34.tgz#b9bc44b4f70031fb01b173b279daeffc4d4f54b7"
  integrity sha512-vmy9DxXVnRiI14s8GKuYBtess+EVcDALkbpTqd5jw4XITutIzyB7n4x0Tj5utAkKsgZJB22lLWGekr0ABnSLow==

esbuild-sunos-64@0.14.34:
  version "0.14.34"
  resolved "https://registry.yarnpkg.com/esbuild-sunos-64/-/esbuild-sunos-64-0.14.34.tgz#512dd6085ac1a0dccc20c5f932f16a618bea409c"
  integrity sha512-eNPVatNET1F7tRMhii7goL/eptfxc0ALRjrj9SPFNqp0zmxrehBFD6BaP3R4LjMn6DbMO0jOAnTLFKr8NqcJAA==

esbuild-windows-32@0.14.34:
  version "0.14.34"
  resolved "https://registry.yarnpkg.com/esbuild-windows-32/-/esbuild-windows-32-0.14.34.tgz#3ff1afd5cac08050c7c7140a59e343b06f6b037c"
  integrity sha512-EFhpXyHEcnqWYe2rAHFd8dRw8wkrd9U+9oqcyoEL84GbanAYjiiIjBZsnR8kl0sCQ5w6bLpk7vCEIA2VS32Vcg==

esbuild-windows-64@0.14.34:
  version "0.14.34"
  resolved "https://registry.yarnpkg.com/esbuild-windows-64/-/esbuild-windows-64-0.14.34.tgz#66f7b43d2a0b132f6748dfa3edac4fc939a99be0"
  integrity sha512-a8fbl8Ky7PxNEjf1aJmtxdDZj32/hC7S1OcA2ckEpCJRTjiKslI9vAdPpSjrKIWhws4Galpaawy0nB7fjHYf5Q==

esbuild-windows-arm64@0.14.34:
  version "0.14.34"
  resolved "https://registry.yarnpkg.com/esbuild-windows-arm64/-/esbuild-windows-arm64-0.14.34.tgz#b74a6395b7b7e53dba70b71b39542afd83352473"
  integrity sha512-EYvmKbSa2B3sPnpC28UEu9jBK5atGV4BaVRE7CYGUci2Hlz4AvtV/LML+TcDMT6gBgibnN2gcltWclab3UutMg==

esbuild@^0.14.27:
  version "0.14.34"
  resolved "https://registry.yarnpkg.com/esbuild/-/esbuild-0.14.34.tgz#3610056f0a57bcfd0b63ddaafdb2e3bef1cf96e4"
  integrity sha512-QIWdPT/gFF6hCaf4m7kP0cJ+JIuFkdHibI7vVFvu3eJS1HpVmYHWDulyN5WXwbRA0SX/7ZDaJ/1DH8SdY9xOJg==
  optionalDependencies:
    esbuild-android-64 "0.14.34"
    esbuild-android-arm64 "0.14.34"
    esbuild-darwin-64 "0.14.34"
    esbuild-darwin-arm64 "0.14.34"
    esbuild-freebsd-64 "0.14.34"
    esbuild-freebsd-arm64 "0.14.34"
    esbuild-linux-32 "0.14.34"
    esbuild-linux-64 "0.14.34"
    esbuild-linux-arm "0.14.34"
    esbuild-linux-arm64 "0.14.34"
    esbuild-linux-mips64le "0.14.34"
    esbuild-linux-ppc64le "0.14.34"
    esbuild-linux-riscv64 "0.14.34"
    esbuild-linux-s390x "0.14.34"
    esbuild-netbsd-64 "0.14.34"
    esbuild-openbsd-64 "0.14.34"
    esbuild-sunos-64 "0.14.34"
    esbuild-windows-32 "0.14.34"
    esbuild-windows-64 "0.14.34"
    esbuild-windows-arm64 "0.14.34"

estree-walker@^2.0.1:
  version "2.0.2"
  resolved "https://registry.yarnpkg.com/estree-walker/-/estree-walker-2.0.2.tgz#52f010178c2a4c117a7757cfe942adb7d2da4cac"
  integrity sha512-Rfkk/Mp/DL7JVje3u18FxFujQlTNR2q6QfMSMB7AvCBx91NGj/ba3kCfza0f6dVDbw7YlRf/nDrn7pQrCCyQ/w==

fill-range@^7.0.1:
  version "7.0.1"
  resolved "https://registry.yarnpkg.com/fill-range/-/fill-range-7.0.1.tgz#1919a6a7c75fe38b2c7c77e5198535da9acdda40"
  integrity sha512-qOo9F+dMUmC2Lcb4BbVvnKJxTPjCm+RRpe4gDuGrzkL7mEVl/djYSu2OdQ2Pa302N4oqkSg9ir6jaLWJ2USVpQ==
  dependencies:
    to-regex-range "^5.0.1"

flatpickr@4.6.1:
  version "4.6.1"
  resolved "https://registry.yarnpkg.com/flatpickr/-/flatpickr-4.6.1.tgz#9eb498ab805dd27f5ae02e1ac6ac6c099ce45e94"
  integrity sha512-3ULSxbXmcMIRzer/2jLNweoqHpwDvsjEawO2FUd9UFR8uPwLM+LruZcPDpuZStcEgbQKhuFOfXo4nYdGladSNw==

fsevents@~2.3.2:
  version "2.3.2"
  resolved "https://registry.yarnpkg.com/fsevents/-/fsevents-2.3.2.tgz#8a526f78b8fdf4623b709e0b975c52c24c02fd1a"
  integrity sha512-xiqMQR4xAeHTuB9uWm+fFRcIOgKBMiOBP+eXiyT7jsgVCq1bkVygt00oASowB7EdtpOHaaPgKt812P9ab+DDKA==

function-bind@^1.1.1:
  version "1.1.1"
  resolved "https://registry.yarnpkg.com/function-bind/-/function-bind-1.1.1.tgz#a56899d3ea3c9bab874bb9773b7c5ede92f4895d"
  integrity sha512-yIovAzMX49sF8Yl58fSCWJ5svSLuaibPxXQJFLmBObTuCr0Mf1KiPopGM9NiFjiYBCbfaa2Fh6breQ6ANVTI0A==

glob-parent@~5.1.2:
  version "5.1.2"
  resolved "https://registry.yarnpkg.com/glob-parent/-/glob-parent-5.1.2.tgz#869832c58034fe68a4093c17dc15e8340d8401c4"
  integrity sha512-AOIgSQCepiJYwP3ARnGx+5VnTu2HBYdzbGP45eLw1vr3zB3vZLeyed1sC9hnbcOc9/SrMyM5RPQrkGz4aS9Zow==
  dependencies:
    is-glob "^4.0.1"

globalyzer@0.1.0:
  version "0.1.0"
  resolved "https://registry.yarnpkg.com/globalyzer/-/globalyzer-0.1.0.tgz#cb76da79555669a1519d5a8edf093afaa0bf1465"
  integrity sha512-40oNTM9UfG6aBmuKxk/giHn5nQ8RVz/SS4Ir6zgzOv9/qC3kKZ9v4etGTcJbEl/NyVQH7FGU7d+X1egr57Md2Q==

globrex@^0.1.2:
  version "0.1.2"
  resolved "https://registry.yarnpkg.com/globrex/-/globrex-0.1.2.tgz#dd5d9ec826232730cd6793a5e33a9302985e6098"
  integrity sha512-uHJgbwAMwNFf5mLst7IWLNg14x1CkeqglJb/K3doi4dw6q2IvAAmM/Y81kevy83wP+Sst+nutFTYOGg3d1lsxg==

has@^1.0.3:
  version "1.0.3"
  resolved "https://registry.yarnpkg.com/has/-/has-1.0.3.tgz#722d7cbfc1f6aa8241f16dd814e011e1f41e8796"
  integrity sha512-f2dvO0VU6Oej7RkWJGrehjbzMAjFp5/VKPp5tTpWIV4JHHZK1/BxbFRtf/siA2SWTe09caDmVtYYzWEIbBS4zw==
  dependencies:
    function-bind "^1.1.1"

iconv-lite@0.6:
  version "0.6.3"
  resolved "https://registry.yarnpkg.com/iconv-lite/-/iconv-lite-0.6.3.tgz#a52f80bf38da1952eb5c681790719871a1a72501"
  integrity sha512-4fCk79wshMdzMp2rH06qWrJE4iolqLhCUH+OiuIgU++RB0+94NlDL81atO7GX55uUKueo0txHNtvEyI6D7WdMw==
  dependencies:
    safer-buffer ">= 2.1.2 < 3.0.0"

"internmap@1 - 2":
  version "2.0.3"
  resolved "https://registry.yarnpkg.com/internmap/-/internmap-2.0.3.tgz#6685f23755e43c524e251d29cbc97248e3061009"
  integrity sha512-5Hh7Y1wQbvY5ooGgPbDaL5iYLAPzMTUrjMulskHLH6wnv/A+1q5rgEaiuqEjB+oxGXIVZs1FF+R/KPN3ZSQYYg==

internmap@^1.0.0:
  version "1.0.1"
  resolved "https://registry.yarnpkg.com/internmap/-/internmap-1.0.1.tgz#0017cc8a3b99605f0302f2b198d272e015e5df95"
  integrity sha512-lDB5YccMydFBtasVtxnZ3MRBHuaoE8GKsppq+EchKL2U4nK/DmEpPHNH8MZe5HkMtpSiTSOZwfN0tzYjO/lJEw==

is-binary-path@~2.1.0:
  version "2.1.0"
  resolved "https://registry.yarnpkg.com/is-binary-path/-/is-binary-path-2.1.0.tgz#ea1f7f3b80f064236e83470f86c09c254fb45b09"
  integrity sha512-ZMERYes6pDydyuGidse7OsHxtbI7WVeUEozgR/g7rd0xUimYNlvZRE/K2MgZTjWy725IfelLeVcEM97mmtRGXw==
  dependencies:
    binary-extensions "^2.0.0"

is-core-module@^2.8.1:
  version "2.8.1"
  resolved "https://registry.yarnpkg.com/is-core-module/-/is-core-module-2.8.1.tgz#f59fdfca701d5879d0a6b100a40aa1560ce27211"
  integrity sha512-SdNCUs284hr40hFTFP6l0IfZ/RSrMXF3qgoRHd3/79unUTvrFO/JoXwkGm+5J/Oe3E/b5GsnG330uUNgRpu1PA==
  dependencies:
    has "^1.0.3"

is-extglob@^2.1.1:
  version "2.1.1"
  resolved "https://registry.yarnpkg.com/is-extglob/-/is-extglob-2.1.1.tgz#a88c02535791f02ed37c76a1b9ea9773c833f8c2"
  integrity sha1-qIwCU1eR8C7TfHahueqXc8gz+MI=

is-glob@^4.0.1, is-glob@~4.0.1:
  version "4.0.3"
  resolved "https://registry.yarnpkg.com/is-glob/-/is-glob-4.0.3.tgz#64f61e42cbbb2eec2071a9dac0b28ba1e65d5084"
  integrity sha512-xelSayHH36ZgE7ZWhli7pW34hNbNl8Ojv5KVmkJD4hBdD3th8Tfk9vYasLM+mXWOZhFkgZfxhLSnrwRr4elSSg==
  dependencies:
    is-extglob "^2.1.1"

is-number@^7.0.0:
  version "7.0.0"
  resolved "https://registry.yarnpkg.com/is-number/-/is-number-7.0.0.tgz#7535345b896734d5f80c4d06c50955527a14f12b"
  integrity sha512-41Cifkg6e8TylSpdtTpeLVMqvSBEVzTttHvERD741+pnZ8ANv0004MRL43QKPDlK9cGvNp6NZWZUBlbGXYxxng==

"js-tokens@^3.0.0 || ^4.0.0":
  version "4.0.0"
  resolved "https://registry.yarnpkg.com/js-tokens/-/js-tokens-4.0.0.tgz#19203fb59991df98e3a287050d4647cdeaf32499"
  integrity sha512-RdJUflcE3cUzKiMqQgsCu06FPu9UdIJO0beYbPhHN4k6apgJtifcoCtT9bcxOpYBtpD2kCM6Sbzg4CausW/PKQ==

kleur@^4.1.4:
  version "4.1.4"
  resolved "https://registry.yarnpkg.com/kleur/-/kleur-4.1.4.tgz#8c202987d7e577766d039a8cd461934c01cda04d"
  integrity sha512-8QADVssbrFjivHWQU7KkMgptGTl6WAcSdlbBPY4uNF+mWr6DGcKrvY2w4FQJoXch7+fKMjj0dRrL75vk3k23OA==

lodash-es@4.17.21:
  version "4.17.21"
  resolved "https://registry.yarnpkg.com/lodash-es/-/lodash-es-4.17.21.tgz#43e626c46e6591b7750beb2b50117390c609e3ee"
  integrity sha512-mKnC+QJ9pWVzv+C4/U3rRsHapFfHvQFoFB92e52xeyGMcX6/OlIl78je1u8vePzYZSkkogMPJ2yjxxsb89cxyw==

lodash.debounce@^4.0.8:
  version "4.0.8"
  resolved "https://registry.yarnpkg.com/lodash.debounce/-/lodash.debounce-4.0.8.tgz#82d79bff30a67c4005ffd5e2515300ad9ca4d7af"
  integrity sha1-gteb/zCmfEAF/9XiUVMArZyk168=

loose-envify@^1.0.0:
  version "1.4.0"
  resolved "https://registry.yarnpkg.com/loose-envify/-/loose-envify-1.4.0.tgz#71ee51fa7be4caec1a63839f7e682d8132d30caf"
  integrity sha512-lyuxPGr/Wfhrlem2CL/UcnUc1zcqKAImBDzukY7Y5F/yQiNdko6+fRLevlw1HgMySw7f611UIY408EtxRSoK3Q==
  dependencies:
    js-tokens "^3.0.0 || ^4.0.0"

magic-string@^0.26.1:
  version "0.26.2"
  resolved "https://registry.yarnpkg.com/magic-string/-/magic-string-0.26.2.tgz#5331700e4158cd6befda738bb6b0c7b93c0d4432"
  integrity sha512-NzzlXpclt5zAbmo6h6jNc8zl2gNRGHvmsZW4IvZhTC4W7k4OlLP+S5YLussa/r3ixNT66KOQfNORlXHSOy/X4A==
  dependencies:
    sourcemap-codec "^1.4.8"

mri@^1.1.0:
  version "1.2.0"
  resolved "https://registry.yarnpkg.com/mri/-/mri-1.2.0.tgz#6721480fec2a11a4889861115a48b6cbe7cc8f0b"
  integrity sha512-tzzskb3bG8LvYGFF/mDTpq3jpI6Q9wc3LEmBaghu+DdCssd1FakN7Bc0hVNmEyGq1bq3RgfkCb3cmQLpNPOroA==

ms@2.1.2:
  version "2.1.2"
  resolved "https://registry.yarnpkg.com/ms/-/ms-2.1.2.tgz#d09d1f357b443f493382a8eb3ccd183872ae6009"
  integrity sha512-sGkPx+VjMtmA6MX27oA4FBFELFCZZ4S4XqeGOXCv68tT+jb3vk/RyaKWP0PTKyWtmLSM0b+adUTEvbs1PEaH2w==

nanoid@^3.3.4:
  version "3.3.4"
  resolved "https://registry.yarnpkg.com/nanoid/-/nanoid-3.3.4.tgz#730b67e3cd09e2deacf03c027c81c9d9dbc5e8ab"
  integrity sha512-MqBkQh/OHTS2egovRtLk45wEyNXwF+cokD+1YPf9u5VfJiRdAiRwB2froX5Co9Rh20xs4siNPm8naNotSD6RBw==

normalize-path@^3.0.0, normalize-path@~3.0.0:
  version "3.0.0"
  resolved "https://registry.yarnpkg.com/normalize-path/-/normalize-path-3.0.0.tgz#0dcd69ff23a1c9b11fd0978316644a0388216a65"
  integrity sha512-6eZs5Ls3WtCisHWp9S2GUy8dqkpGi4BVSz3GaqiE6ezub0512ESztXUwUB6C6IKbQkY2Pnb/mD4WYojCRwcwLA==

path-parse@^1.0.7:
  version "1.0.7"
  resolved "https://registry.yarnpkg.com/path-parse/-/path-parse-1.0.7.tgz#fbc114b60ca42b30d9daf5858e4bd68bbedb6735"
  integrity sha512-LDJzPVEEEPR+y48z93A0Ed0yXb8pAByGWo/k5YYdYgpY2/2EsOsksJrq7lOHxryrVOn1ejG6oAp8ahvOIQD8sw==

picocolors@^1.0.0:
  version "1.0.0"
  resolved "https://registry.yarnpkg.com/picocolors/-/picocolors-1.0.0.tgz#cb5bdc74ff3f51892236eaf79d68bc44564ab81c"
  integrity sha512-1fygroTLlHu66zi26VoTDv8yRgm0Fccecssto+MhsZ0D/DGW2sm8E8AjW7NU5VVTRt5GxbeZ5qBuJr+HyLYkjQ==

picomatch@^2.0.4, picomatch@^2.2.1, picomatch@^2.2.2:
  version "2.3.1"
  resolved "https://registry.yarnpkg.com/picomatch/-/picomatch-2.3.1.tgz#3ba3833733646d9d3e4995946c1365a67fb07a42"
  integrity sha512-JU3teHTNjmE2VCGFzuY8EXzCDVwEqB2a8fsIvwaStHhAWJEeVd1o1QD80CU6+ZdEXXSLbSsuLwJjkCBWqRQUVA==

postcss@^8.4.13:
  version "8.4.14"
  resolved "https://registry.yarnpkg.com/postcss/-/postcss-8.4.14.tgz#ee9274d5622b4858c1007a74d76e42e56fd21caf"
  integrity sha512-E398TUmfAYFPBSdzgeieK2Y1+1cpdxJx8yXbK/m57nRhKSmk1GB2tO4lbLBtlkfPQTDKfe4Xqv1ASWPpayPEig==
  dependencies:
    nanoid "^3.3.4"
    picocolors "^1.0.0"
    source-map-js "^1.0.2"

readdirp@~3.6.0:
  version "3.6.0"
  resolved "https://registry.yarnpkg.com/readdirp/-/readdirp-3.6.0.tgz#74a370bd857116e245b29cc97340cd431a02a6c7"
  integrity sha512-hOS089on8RduqdbhvQ5Z37A0ESjsqz6qnRcffsMU3495FuTdqSm+7bhJ29JvIOsBDEEnan5DPu9t3To9VRlMzA==
  dependencies:
    picomatch "^2.2.1"

resize-observer-polyfill@1.5.0:
  version "1.5.0"
  resolved "https://registry.yarnpkg.com/resize-observer-polyfill/-/resize-observer-polyfill-1.5.0.tgz#660ff1d9712a2382baa2cad450a4716209f9ca69"
  integrity sha512-M2AelyJDVR/oLnToJLtuDJRBBWUGUvvGigj1411hXhAdyFWqMaqHp7TixW3FpiLuVaikIcR1QL+zqoJoZlOgpg==

resolve@^1.22.0:
  version "1.22.0"
  resolved "https://registry.yarnpkg.com/resolve/-/resolve-1.22.0.tgz#5e0b8c67c15df57a89bdbabe603a002f21731198"
  integrity sha512-Hhtrw0nLeSrFQ7phPp4OOcVjLPIeMnRlr5mcnVuMe7M/7eBn98A3hmFRLoFo3DLZkivSYwhRUJTyPyWAk56WLw==
  dependencies:
    is-core-module "^2.8.1"
    path-parse "^1.0.7"
    supports-preserve-symlinks-flag "^1.0.0"

robust-predicates@^3.0.0:
  version "3.0.1"
  resolved "https://registry.yarnpkg.com/robust-predicates/-/robust-predicates-3.0.1.tgz#ecde075044f7f30118682bd9fb3f123109577f9a"
  integrity sha512-ndEIpszUHiG4HtDsQLeIuMvRsDnn8c8rYStabochtUeCvfuvNptb5TUbVD68LRAILPX7p9nqQGh4xJgn3EHS/g==

rollup@^2.59.0:
  version "2.70.0"
  resolved "https://registry.yarnpkg.com/rollup/-/rollup-2.70.0.tgz#17a92e5938e92a251b962352e904c9f558230ec7"
  integrity sha512-iEzYw+syFxQ0X9RefVwhr8BA2TNJsTaX8L8dhyeyMECDbmiba+8UQzcu+xZdji0+JQ+s7kouQnw+9Oz5M19XKA==
  optionalDependencies:
    fsevents "~2.3.2"

rw@1:
  version "1.3.3"
  resolved "https://registry.yarnpkg.com/rw/-/rw-1.3.3.tgz#3f862dfa91ab766b14885ef4d01124bfda074fb4"
  integrity sha1-P4Yt+pGrdmsUiF700BEkv9oHT7Q=

sade@^1.7.4:
  version "1.8.1"
  resolved "https://registry.yarnpkg.com/sade/-/sade-1.8.1.tgz#0a78e81d658d394887be57d2a409bf703a3b2701"
  integrity sha512-xal3CZX1Xlo/k4ApwCFrHVACi9fBqJ7V+mwhBsuf/1IOKbBy098Fex+Wa/5QMubw09pSZ/u8EY8PWgevJsXp1A==
  dependencies:
    mri "^1.1.0"

"safer-buffer@>= 2.1.2 < 3.0.0":
  version "2.1.2"
  resolved "https://registry.yarnpkg.com/safer-buffer/-/safer-buffer-2.1.2.tgz#44fa161b0187b9549dd84bb91802f9bd8385cd6a"
  integrity sha512-YZo3K82SD7Riyi0E1EQPojLz7kpepnSQI9IyPbHHg1XXXevb5dJI7tpyN2ADxGcQbHG7vcyRHk0cbwqcQriUtg==

source-map-js@^1.0.2:
  version "1.0.2"
  resolved "https://registry.yarnpkg.com/source-map-js/-/source-map-js-1.0.2.tgz#adbc361d9c62df380125e7f161f71c826f1e490c"
  integrity sha512-R0XvVJ9WusLiqTCEiGCmICCMplcCkIwwR11mOSD9CR5u+IXYdiseeEuXCVAjS54zqwkLcPNnmU4OeJ6tUrWhDw==

sourcemap-codec@^1.4.8:
  version "1.4.8"
  resolved "https://registry.yarnpkg.com/sourcemap-codec/-/sourcemap-codec-1.4.8.tgz#ea804bd94857402e6992d05a38ef1ae35a9ab4c4"
  integrity sha512-9NykojV5Uih4lgo5So5dtw+f0JgJX30KCNI8gwhz2J9A15wD0Ml6tjHKwf6fTSa6fAdVBdZeNOs9eJ71qCk8vA==

supports-preserve-symlinks-flag@^1.0.0:
  version "1.0.0"
  resolved "https://registry.yarnpkg.com/supports-preserve-symlinks-flag/-/supports-preserve-symlinks-flag-1.0.0.tgz#6eda4bd344a3c94aea376d4cc31bc77311039e09"
  integrity sha512-ot0WnXS9fgdkgIcePe6RHNk1WA8+muPa6cSjeR3V8K27q9BB1rTE3R1p7Hv0z1ZyAc8s6Vvv8DIyWf681MAt0w==

svelte-hmr@^0.14.11:
  version "0.14.11"
  resolved "https://registry.yarnpkg.com/svelte-hmr/-/svelte-hmr-0.14.11.tgz#63d532dc9c2c849ab708592f034765fa2502e568"
  integrity sha512-R9CVfX6DXxW1Kn45Jtmx+yUe+sPhrbYSUp7TkzbW0jI5fVPn6lsNG9NEs5dFg5qRhFNAoVdRw5qQDLALNKhwbQ==

svelte@^3.48.0:
  version "3.48.0"
  resolved "https://registry.yarnpkg.com/svelte/-/svelte-3.48.0.tgz#f98c866d45e155bad8e1e88f15f9c03cd28753d3"
  integrity sha512-fN2YRm/bGumvjUpu6yI3BpvZnpIm9I6A7HR4oUNYd7ggYyIwSA/BX7DJ+UXXffLp6XNcUijyLvttbPVCYa/3xQ==

tiny-glob@^0.2.9:
  version "0.2.9"
  resolved "https://registry.yarnpkg.com/tiny-glob/-/tiny-glob-0.2.9.tgz#2212d441ac17928033b110f8b3640683129d31e2"
  integrity sha512-g/55ssRPUjShh+xkfx9UPDXqhckHEsHr4Vd9zX55oSdGZc/MD0m3sferOkwWtp98bv+kcVfEHtRJgBVJzelrzg==
  dependencies:
    globalyzer "0.1.0"
    globrex "^0.1.2"

to-regex-range@^5.0.1:
  version "5.0.1"
  resolved "https://registry.yarnpkg.com/to-regex-range/-/to-regex-range-5.0.1.tgz#1648c44aae7c8d988a326018ed72f5b4dd0392e4"
  integrity sha512-65P7iz6X5yEr1cwcgvQxbbIw7Uk3gOy5dIdtZ4rDveLqhrdJP+Li/Hx6tyK0NEb+2GCyneCMJiGqrADCSNk8sQ==
  dependencies:
    is-number "^7.0.0"

vite@^2.9.9:
  version "2.9.9"
  resolved "https://registry.yarnpkg.com/vite/-/vite-2.9.9.tgz#8b558987db5e60fedec2f4b003b73164cb081c5e"
  integrity sha512-ffaam+NgHfbEmfw/Vuh6BHKKlI/XIAhxE5QSS7gFLIngxg171mg1P3a4LSRME0z2ZU1ScxoKzphkipcYwSD5Ew==
  dependencies:
    esbuild "^0.14.27"
    postcss "^8.4.13"
    resolve "^1.22.0"
    rollup "^2.59.0"
  optionalDependencies:
    fsevents "~2.3.2"

warning@^3.0.0:
  version "3.0.0"
  resolved "https://registry.yarnpkg.com/warning/-/warning-3.0.0.tgz#32e5377cb572de4ab04753bdf8821c01ed605b7c"
  integrity sha1-MuU3fLVy3kqwR1O9+IIcAe1gW3w=
  dependencies:
    loose-envify "^1.0.0"
